// !$*UTF8*$!
{
	archiveVersion = 1;
	classes = {
	};
	objectVersion = 52;
	objects = {

/* Begin PBXBuildFile section */
		323FC4EE26842FF100A20EA2 /* FirebaseAppDistribution-Beta in Frameworks */ = {isa = PBXBuildFile; productRef = 323FC4ED26842FF100A20EA2 /* FirebaseAppDistribution-Beta */; };
		323FC4F026842FF100A20EA2 /* FirebaseInAppMessaging-Beta in Frameworks */ = {isa = PBXBuildFile; productRef = 323FC4EF26842FF100A20EA2 /* FirebaseInAppMessaging-Beta */; };
		323FC4F226842FF100A20EA2 /* FirebaseAnalyticsSwift-Beta in Frameworks */ = {isa = PBXBuildFile; productRef = 323FC4F126842FF100A20EA2 /* FirebaseAnalyticsSwift-Beta */; };
		323FC4F426842FF100A20EA2 /* FirebaseAnalyticsWithoutAdIdSupport in Frameworks */ = {isa = PBXBuildFile; productRef = 323FC4F326842FF100A20EA2 /* FirebaseAnalyticsWithoutAdIdSupport */; };
		323FC4F626842FF100A20EA2 /* FirebaseFirestore in Frameworks */ = {isa = PBXBuildFile; productRef = 323FC4F526842FF100A20EA2 /* FirebaseFirestore */; };
		323FC4F826842FF100A20EA2 /* FirebaseInstallations in Frameworks */ = {isa = PBXBuildFile; productRef = 323FC4F726842FF100A20EA2 /* FirebaseInstallations */; };
		323FC4FA26842FF100A20EA2 /* FirebaseDatabase in Frameworks */ = {isa = PBXBuildFile; productRef = 323FC4F926842FF100A20EA2 /* FirebaseDatabase */; };
		323FC4FC26842FF100A20EA2 /* FirebaseFirestoreSwift-Beta in Frameworks */ = {isa = PBXBuildFile; productRef = 323FC4FB26842FF100A20EA2 /* FirebaseFirestoreSwift-Beta */; };
		323FC4FE26842FF100A20EA2 /* FirebaseAnalytics in Frameworks */ = {isa = PBXBuildFile; productRef = 323FC4FD26842FF100A20EA2 /* FirebaseAnalytics */; };
		323FC50026842FF100A20EA2 /* FirebaseRemoteConfig in Frameworks */ = {isa = PBXBuildFile; productRef = 323FC4FF26842FF100A20EA2 /* FirebaseRemoteConfig */; };
		323FC50226842FF100A20EA2 /* FirebaseAppCheck in Frameworks */ = {isa = PBXBuildFile; productRef = 323FC50126842FF100A20EA2 /* FirebaseAppCheck */; };
		323FC50426842FF100A20EA2 /* FirebaseStorageSwift-Beta in Frameworks */ = {isa = PBXBuildFile; productRef = 323FC50326842FF100A20EA2 /* FirebaseStorageSwift-Beta */; };
		323FC50626842FF100A20EA2 /* FirebaseAuth in Frameworks */ = {isa = PBXBuildFile; productRef = 323FC50526842FF100A20EA2 /* FirebaseAuth */; };
		323FC50826842FF100A20EA2 /* FirebaseInAppMessagingSwift-Beta in Frameworks */ = {isa = PBXBuildFile; productRef = 323FC50726842FF100A20EA2 /* FirebaseInAppMessagingSwift-Beta */; };
		323FC50A26842FF100A20EA2 /* FirebaseDatabaseSwift-Beta in Frameworks */ = {isa = PBXBuildFile; productRef = 323FC50926842FF100A20EA2 /* FirebaseDatabaseSwift-Beta */; };
		323FC50C26842FF100A20EA2 /* FirebaseMLModelDownloader in Frameworks */ = {isa = PBXBuildFile; productRef = 323FC50B26842FF100A20EA2 /* FirebaseMLModelDownloader */; };
		323FC50E26842FF100A20EA2 /* FirebaseMessaging in Frameworks */ = {isa = PBXBuildFile; productRef = 323FC50D26842FF100A20EA2 /* FirebaseMessaging */; };
		323FC51026842FF100A20EA2 /* FirebaseCrashlytics in Frameworks */ = {isa = PBXBuildFile; productRef = 323FC50F26842FF100A20EA2 /* FirebaseCrashlytics */; };
		323FC51226842FF100A20EA2 /* FirebaseStorage in Frameworks */ = {isa = PBXBuildFile; productRef = 323FC51126842FF100A20EA2 /* FirebaseStorage */; };
		323FC51426842FF100A20EA2 /* FirebaseDynamicLinks in Frameworks */ = {isa = PBXBuildFile; productRef = 323FC51326842FF100A20EA2 /* FirebaseDynamicLinks */; };
		323FC51626842FF100A20EA2 /* FirebaseFunctions in Frameworks */ = {isa = PBXBuildFile; productRef = 323FC51526842FF100A20EA2 /* FirebaseFunctions */; };
		323FC5192684303200A20EA2 /* GoogleMobileAds.xcframework in Frameworks */ = {isa = PBXBuildFile; fileRef = 320414F82683AE750089EE85 /* GoogleMobileAds.xcframework */; };
		323FC51B2684303200A20EA2 /* GoogleUtilities.xcframework in Frameworks */ = {isa = PBXBuildFile; fileRef = 320414FB2683AE810089EE85 /* GoogleUtilities.xcframework */; };
		323FC51D2684303200A20EA2 /* nanopb.xcframework in Frameworks */ = {isa = PBXBuildFile; fileRef = 320414FE2683AE8C0089EE85 /* nanopb.xcframework */; };
		323FC51F2684303200A20EA2 /* PromisesObjC.xcframework in Frameworks */ = {isa = PBXBuildFile; fileRef = 320415012683AE980089EE85 /* PromisesObjC.xcframework */; };
		323FC5212684303300A20EA2 /* UserMessagingPlatform.xcframework in Frameworks */ = {isa = PBXBuildFile; fileRef = 320415042683AEA50089EE85 /* UserMessagingPlatform.xcframework */; };
		323FC525268431FD00A20EA2 /* GoogleService-Info.plist in Resources */ = {isa = PBXBuildFile; fileRef = 32723E7B2683C16C0028BB44 /* GoogleService-Info.plist */; };
		32629DF726825FD7006632F2 /* AppDelegate.swift in Sources */ = {isa = PBXBuildFile; fileRef = 32629DF626825FD7006632F2 /* AppDelegate.swift */; };
		32629DF926825FD7006632F2 /* SceneDelegate.swift in Sources */ = {isa = PBXBuildFile; fileRef = 32629DF826825FD7006632F2 /* SceneDelegate.swift */; };
		32629DFB26825FD7006632F2 /* ViewController.swift in Sources */ = {isa = PBXBuildFile; fileRef = 32629DFA26825FD7006632F2 /* ViewController.swift */; };
		32629DFE26825FD7006632F2 /* Main.storyboard in Resources */ = {isa = PBXBuildFile; fileRef = 32629DFC26825FD7006632F2 /* Main.storyboard */; };
		32629E0026825FD9006632F2 /* Assets.xcassets in Resources */ = {isa = PBXBuildFile; fileRef = 32629DFF26825FD9006632F2 /* Assets.xcassets */; };
		32629E0326825FD9006632F2 /* LaunchScreen.storyboard in Resources */ = {isa = PBXBuildFile; fileRef = 32629E0126825FD9006632F2 /* LaunchScreen.storyboard */; };
		32629E0E26825FD9006632F2 /* HourCalculatorTests.swift in Sources */ = {isa = PBXBuildFile; fileRef = 32629E0D26825FD9006632F2 /* HourCalculatorTests.swift */; };
		32629E1926825FD9006632F2 /* HourCalculatorUITests.swift in Sources */ = {isa = PBXBuildFile; fileRef = 32629E1826825FD9006632F2 /* HourCalculatorUITests.swift */; };
		32723E7D2683C16C0028BB44 /* GoogleService-Info.plist in Resources */ = {isa = PBXBuildFile; fileRef = 32723E7B2683C16C0028BB44 /* GoogleService-Info.plist */; };
		32723E7E2683C16C0028BB44 /* GoogleService-Info.plist in Resources */ = {isa = PBXBuildFile; fileRef = 32723E7B2683C16C0028BB44 /* GoogleService-Info.plist */; };
/* End PBXBuildFile section */

/* Begin PBXContainerItemProxy section */
		32629E0A26825FD9006632F2 /* PBXContainerItemProxy */ = {
			isa = PBXContainerItemProxy;
			containerPortal = 32629DEB26825FD7006632F2 /* Project object */;
			proxyType = 1;
			remoteGlobalIDString = 32629DF226825FD7006632F2;
			remoteInfo = HourCalculator;
		};
		32629E1526825FD9006632F2 /* PBXContainerItemProxy */ = {
			isa = PBXContainerItemProxy;
			containerPortal = 32629DEB26825FD7006632F2 /* Project object */;
			proxyType = 1;
			remoteGlobalIDString = 32629DF226825FD7006632F2;
			remoteInfo = HourCalculator;
		};
/* End PBXContainerItemProxy section */

/* Begin PBXFileReference section */
		320414F42683AE670089EE85 /* GoogleAppMeasurement.xcframework */ = {isa = PBXFileReference; lastKnownFileType = wrapper.xcframework; name = GoogleAppMeasurement.xcframework; path = "../../../../../Downloads/GoogleMobileAdsSdkiOS-8.6.0/GoogleAppMeasurement.xcframework"; sourceTree = "<group>"; };
		320414F82683AE750089EE85 /* GoogleMobileAds.xcframework */ = {isa = PBXFileReference; lastKnownFileType = wrapper.xcframework; name = GoogleMobileAds.xcframework; path = "../../../../../Downloads/GoogleMobileAdsSdkiOS-8.6.0/GoogleMobileAds.xcframework"; sourceTree = "<group>"; };
		320414FB2683AE810089EE85 /* GoogleUtilities.xcframework */ = {isa = PBXFileReference; lastKnownFileType = wrapper.xcframework; name = GoogleUtilities.xcframework; path = "../../../../../Downloads/GoogleMobileAdsSdkiOS-8.6.0/GoogleUtilities.xcframework"; sourceTree = "<group>"; };
		320414FE2683AE8C0089EE85 /* nanopb.xcframework */ = {isa = PBXFileReference; lastKnownFileType = wrapper.xcframework; name = nanopb.xcframework; path = "../../../../../Downloads/GoogleMobileAdsSdkiOS-8.6.0/nanopb.xcframework"; sourceTree = "<group>"; };
		320415012683AE980089EE85 /* PromisesObjC.xcframework */ = {isa = PBXFileReference; lastKnownFileType = wrapper.xcframework; name = PromisesObjC.xcframework; path = "../../../../../Downloads/GoogleMobileAdsSdkiOS-8.6.0/PromisesObjC.xcframework"; sourceTree = "<group>"; };
		320415042683AEA50089EE85 /* UserMessagingPlatform.xcframework */ = {isa = PBXFileReference; lastKnownFileType = wrapper.xcframework; name = UserMessagingPlatform.xcframework; path = "../../../../../Downloads/GoogleMobileAdsSdkiOS-8.6.0/UserMessagingPlatform.xcframework"; sourceTree = "<group>"; };
		32629DF326825FD7006632F2 /* HourCalculator.app */ = {isa = PBXFileReference; explicitFileType = wrapper.application; includeInIndex = 0; path = HourCalculator.app; sourceTree = BUILT_PRODUCTS_DIR; };
		32629DF626825FD7006632F2 /* AppDelegate.swift */ = {isa = PBXFileReference; lastKnownFileType = sourcecode.swift; path = AppDelegate.swift; sourceTree = "<group>"; };
		32629DF826825FD7006632F2 /* SceneDelegate.swift */ = {isa = PBXFileReference; lastKnownFileType = sourcecode.swift; path = SceneDelegate.swift; sourceTree = "<group>"; };
		32629DFA26825FD7006632F2 /* ViewController.swift */ = {isa = PBXFileReference; lastKnownFileType = sourcecode.swift; path = ViewController.swift; sourceTree = "<group>"; };
		32629DFD26825FD7006632F2 /* Base */ = {isa = PBXFileReference; lastKnownFileType = file.storyboard; name = Base; path = Base.lproj/Main.storyboard; sourceTree = "<group>"; };
		32629DFF26825FD9006632F2 /* Assets.xcassets */ = {isa = PBXFileReference; lastKnownFileType = folder.assetcatalog; path = Assets.xcassets; sourceTree = "<group>"; };
		32629E0226825FD9006632F2 /* Base */ = {isa = PBXFileReference; lastKnownFileType = file.storyboard; name = Base; path = Base.lproj/LaunchScreen.storyboard; sourceTree = "<group>"; };
		32629E0426825FD9006632F2 /* Info.plist */ = {isa = PBXFileReference; lastKnownFileType = text.plist.xml; path = Info.plist; sourceTree = "<group>"; };
		32629E0926825FD9006632F2 /* HourCalculatorTests.xctest */ = {isa = PBXFileReference; explicitFileType = wrapper.cfbundle; includeInIndex = 0; path = HourCalculatorTests.xctest; sourceTree = BUILT_PRODUCTS_DIR; };
		32629E0D26825FD9006632F2 /* HourCalculatorTests.swift */ = {isa = PBXFileReference; lastKnownFileType = sourcecode.swift; path = HourCalculatorTests.swift; sourceTree = "<group>"; };
		32629E0F26825FD9006632F2 /* Info.plist */ = {isa = PBXFileReference; lastKnownFileType = text.plist.xml; path = Info.plist; sourceTree = "<group>"; };
		32629E1426825FD9006632F2 /* HourCalculatorUITests.xctest */ = {isa = PBXFileReference; explicitFileType = wrapper.cfbundle; includeInIndex = 0; path = HourCalculatorUITests.xctest; sourceTree = BUILT_PRODUCTS_DIR; };
		32629E1826825FD9006632F2 /* HourCalculatorUITests.swift */ = {isa = PBXFileReference; lastKnownFileType = sourcecode.swift; path = HourCalculatorUITests.swift; sourceTree = "<group>"; };
		32629E1A26825FD9006632F2 /* Info.plist */ = {isa = PBXFileReference; lastKnownFileType = text.plist.xml; path = Info.plist; sourceTree = "<group>"; };
		32723E7B2683C16C0028BB44 /* GoogleService-Info.plist */ = {isa = PBXFileReference; fileEncoding = 4; lastKnownFileType = text.plist.xml; name = "GoogleService-Info.plist"; path = "../../../../../../Downloads/GoogleService-Info.plist"; sourceTree = "<group>"; };
/* End PBXFileReference section */

/* Begin PBXFrameworksBuildPhase section */
		32629DF026825FD7006632F2 /* Frameworks */ = {
			isa = PBXFrameworksBuildPhase;
			buildActionMask = 2147483647;
			files = (
				323FC50A26842FF100A20EA2 /* FirebaseDatabaseSwift-Beta in Frameworks */,
				323FC4F226842FF100A20EA2 /* FirebaseAnalyticsSwift-Beta in Frameworks */,
				323FC4EE26842FF100A20EA2 /* FirebaseAppDistribution-Beta in Frameworks */,
				323FC51D2684303200A20EA2 /* nanopb.xcframework in Frameworks */,
				323FC50C26842FF100A20EA2 /* FirebaseMLModelDownloader in Frameworks */,
				323FC50826842FF100A20EA2 /* FirebaseInAppMessagingSwift-Beta in Frameworks */,
				323FC4F026842FF100A20EA2 /* FirebaseInAppMessaging-Beta in Frameworks */,
				323FC5212684303300A20EA2 /* UserMessagingPlatform.xcframework in Frameworks */,
				323FC4F826842FF100A20EA2 /* FirebaseInstallations in Frameworks */,
				323FC4F626842FF100A20EA2 /* FirebaseFirestore in Frameworks */,
				323FC50426842FF100A20EA2 /* FirebaseStorageSwift-Beta in Frameworks */,
				323FC51226842FF100A20EA2 /* FirebaseStorage in Frameworks */,
				323FC51B2684303200A20EA2 /* GoogleUtilities.xcframework in Frameworks */,
				323FC50E26842FF100A20EA2 /* FirebaseMessaging in Frameworks */,
				323FC5192684303200A20EA2 /* GoogleMobileAds.xcframework in Frameworks */,
				323FC4FC26842FF100A20EA2 /* FirebaseFirestoreSwift-Beta in Frameworks */,
				323FC4FA26842FF100A20EA2 /* FirebaseDatabase in Frameworks */,
				323FC4F426842FF100A20EA2 /* FirebaseAnalyticsWithoutAdIdSupport in Frameworks */,
				323FC4FE26842FF100A20EA2 /* FirebaseAnalytics in Frameworks */,
				323FC51626842FF100A20EA2 /* FirebaseFunctions in Frameworks */,
				323FC50626842FF100A20EA2 /* FirebaseAuth in Frameworks */,
				323FC51026842FF100A20EA2 /* FirebaseCrashlytics in Frameworks */,
				323FC50026842FF100A20EA2 /* FirebaseRemoteConfig in Frameworks */,
				323FC51F2684303200A20EA2 /* PromisesObjC.xcframework in Frameworks */,
				323FC50226842FF100A20EA2 /* FirebaseAppCheck in Frameworks */,
				323FC51426842FF100A20EA2 /* FirebaseDynamicLinks in Frameworks */,
			);
			runOnlyForDeploymentPostprocessing = 0;
		};
		32629E0626825FD9006632F2 /* Frameworks */ = {
			isa = PBXFrameworksBuildPhase;
			buildActionMask = 2147483647;
			files = (
			);
			runOnlyForDeploymentPostprocessing = 0;
		};
		32629E1126825FD9006632F2 /* Frameworks */ = {
			isa = PBXFrameworksBuildPhase;
			buildActionMask = 2147483647;
			files = (
			);
			runOnlyForDeploymentPostprocessing = 0;
		};
/* End PBXFrameworksBuildPhase section */

/* Begin PBXGroup section */
		32629DEA26825FD7006632F2 = {
			isa = PBXGroup;
			children = (
				32629DF526825FD7006632F2 /* HourCalculator */,
				32629E0C26825FD9006632F2 /* HourCalculatorTests */,
				32629E1726825FD9006632F2 /* HourCalculatorUITests */,
				32629DF426825FD7006632F2 /* Products */,
				C57BCD1BFE3520B69AA98BE7 /* Pods */,
				62D1BDB0B95E786AD2D0ADC3 /* Frameworks */,
			);
			sourceTree = "<group>";
		};
		32629DF426825FD7006632F2 /* Products */ = {
			isa = PBXGroup;
			children = (
				32629DF326825FD7006632F2 /* HourCalculator.app */,
				32629E0926825FD9006632F2 /* HourCalculatorTests.xctest */,
				32629E1426825FD9006632F2 /* HourCalculatorUITests.xctest */,
			);
			name = Products;
			sourceTree = "<group>";
		};
		32629DF526825FD7006632F2 /* HourCalculator */ = {
			isa = PBXGroup;
			children = (
				32723E7B2683C16C0028BB44 /* GoogleService-Info.plist */,
				32629DF626825FD7006632F2 /* AppDelegate.swift */,
				32629DF826825FD7006632F2 /* SceneDelegate.swift */,
				32629DFA26825FD7006632F2 /* ViewController.swift */,
				32629DFC26825FD7006632F2 /* Main.storyboard */,
				32629DFF26825FD9006632F2 /* Assets.xcassets */,
				32629E0126825FD9006632F2 /* LaunchScreen.storyboard */,
				32629E0426825FD9006632F2 /* Info.plist */,
			);
			path = HourCalculator;
			sourceTree = "<group>";
		};
		32629E0C26825FD9006632F2 /* HourCalculatorTests */ = {
			isa = PBXGroup;
			children = (
				32629E0D26825FD9006632F2 /* HourCalculatorTests.swift */,
				32629E0F26825FD9006632F2 /* Info.plist */,
			);
			path = HourCalculatorTests;
			sourceTree = "<group>";
		};
		32629E1726825FD9006632F2 /* HourCalculatorUITests */ = {
			isa = PBXGroup;
			children = (
				32629E1826825FD9006632F2 /* HourCalculatorUITests.swift */,
				32629E1A26825FD9006632F2 /* Info.plist */,
			);
			path = HourCalculatorUITests;
			sourceTree = "<group>";
		};
		62D1BDB0B95E786AD2D0ADC3 /* Frameworks */ = {
			isa = PBXGroup;
			children = (
				320415042683AEA50089EE85 /* UserMessagingPlatform.xcframework */,
				320415012683AE980089EE85 /* PromisesObjC.xcframework */,
				320414FE2683AE8C0089EE85 /* nanopb.xcframework */,
				320414FB2683AE810089EE85 /* GoogleUtilities.xcframework */,
				320414F82683AE750089EE85 /* GoogleMobileAds.xcframework */,
				320414F42683AE670089EE85 /* GoogleAppMeasurement.xcframework */,
			);
			name = Frameworks;
			sourceTree = "<group>";
		};
		C57BCD1BFE3520B69AA98BE7 /* Pods */ = {
			isa = PBXGroup;
			children = (
			);
			path = Pods;
			sourceTree = "<group>";
		};
/* End PBXGroup section */

/* Begin PBXNativeTarget section */
		32629DF226825FD7006632F2 /* HourCalculator */ = {
			isa = PBXNativeTarget;
			buildConfigurationList = 32629E1D26825FD9006632F2 /* Build configuration list for PBXNativeTarget "HourCalculator" */;
			buildPhases = (
				32629DEF26825FD7006632F2 /* Sources */,
				32629DF026825FD7006632F2 /* Frameworks */,
				32629DF126825FD7006632F2 /* Resources */,
				323FC524268430B900A20EA2 /* ShellScript */,
			);
			buildRules = (
			);
			dependencies = (
			);
			name = HourCalculator;
			packageProductDependencies = (
				323FC4ED26842FF100A20EA2 /* FirebaseAppDistribution-Beta */,
				323FC4EF26842FF100A20EA2 /* FirebaseInAppMessaging-Beta */,
				323FC4F126842FF100A20EA2 /* FirebaseAnalyticsSwift-Beta */,
				323FC4F326842FF100A20EA2 /* FirebaseAnalyticsWithoutAdIdSupport */,
				323FC4F526842FF100A20EA2 /* FirebaseFirestore */,
				323FC4F726842FF100A20EA2 /* FirebaseInstallations */,
				323FC4F926842FF100A20EA2 /* FirebaseDatabase */,
				323FC4FB26842FF100A20EA2 /* FirebaseFirestoreSwift-Beta */,
				323FC4FD26842FF100A20EA2 /* FirebaseAnalytics */,
				323FC4FF26842FF100A20EA2 /* FirebaseRemoteConfig */,
				323FC50126842FF100A20EA2 /* FirebaseAppCheck */,
				323FC50326842FF100A20EA2 /* FirebaseStorageSwift-Beta */,
				323FC50526842FF100A20EA2 /* FirebaseAuth */,
				323FC50726842FF100A20EA2 /* FirebaseInAppMessagingSwift-Beta */,
				323FC50926842FF100A20EA2 /* FirebaseDatabaseSwift-Beta */,
				323FC50B26842FF100A20EA2 /* FirebaseMLModelDownloader */,
				323FC50D26842FF100A20EA2 /* FirebaseMessaging */,
				323FC50F26842FF100A20EA2 /* FirebaseCrashlytics */,
				323FC51126842FF100A20EA2 /* FirebaseStorage */,
				323FC51326842FF100A20EA2 /* FirebaseDynamicLinks */,
				323FC51526842FF100A20EA2 /* FirebaseFunctions */,
			);
			productName = HourCalculator;
			productReference = 32629DF326825FD7006632F2 /* HourCalculator.app */;
			productType = "com.apple.product-type.application";
		};
		32629E0826825FD9006632F2 /* HourCalculatorTests */ = {
			isa = PBXNativeTarget;
			buildConfigurationList = 32629E2026825FD9006632F2 /* Build configuration list for PBXNativeTarget "HourCalculatorTests" */;
			buildPhases = (
				32629E0526825FD9006632F2 /* Sources */,
				32629E0626825FD9006632F2 /* Frameworks */,
				32629E0726825FD9006632F2 /* Resources */,
			);
			buildRules = (
			);
			dependencies = (
				32629E0B26825FD9006632F2 /* PBXTargetDependency */,
			);
			name = HourCalculatorTests;
			productName = HourCalculatorTests;
			productReference = 32629E0926825FD9006632F2 /* HourCalculatorTests.xctest */;
			productType = "com.apple.product-type.bundle.unit-test";
		};
		32629E1326825FD9006632F2 /* HourCalculatorUITests */ = {
			isa = PBXNativeTarget;
			buildConfigurationList = 32629E2326825FD9006632F2 /* Build configuration list for PBXNativeTarget "HourCalculatorUITests" */;
			buildPhases = (
				32629E1026825FD9006632F2 /* Sources */,
				32629E1126825FD9006632F2 /* Frameworks */,
				32629E1226825FD9006632F2 /* Resources */,
			);
			buildRules = (
			);
			dependencies = (
				32629E1626825FD9006632F2 /* PBXTargetDependency */,
			);
			name = HourCalculatorUITests;
			productName = HourCalculatorUITests;
			productReference = 32629E1426825FD9006632F2 /* HourCalculatorUITests.xctest */;
			productType = "com.apple.product-type.bundle.ui-testing";
		};
/* End PBXNativeTarget section */

/* Begin PBXProject section */
		32629DEB26825FD7006632F2 /* Project object */ = {
			isa = PBXProject;
			attributes = {
				LastSwiftUpdateCheck = 1250;
				LastUpgradeCheck = 1250;
				TargetAttributes = {
					32629DF226825FD7006632F2 = {
						CreatedOnToolsVersion = 12.5;
					};
					32629E0826825FD9006632F2 = {
						CreatedOnToolsVersion = 12.5;
						TestTargetID = 32629DF226825FD7006632F2;
					};
					32629E1326825FD9006632F2 = {
						CreatedOnToolsVersion = 12.5;
						TestTargetID = 32629DF226825FD7006632F2;
					};
				};
			};
			buildConfigurationList = 32629DEE26825FD7006632F2 /* Build configuration list for PBXProject "HourCalculator" */;
			compatibilityVersion = "Xcode 9.3";
			developmentRegion = en;
			hasScannedForEncodings = 0;
			knownRegions = (
				en,
				Base,
			);
			mainGroup = 32629DEA26825FD7006632F2;
			packageReferences = (
				323FC4EC26842FF100A20EA2 /* XCRemoteSwiftPackageReference "firebase-ios-sdk" */,
			);
			productRefGroup = 32629DF426825FD7006632F2 /* Products */;
			projectDirPath = "";
			projectRoot = "";
			targets = (
				32629DF226825FD7006632F2 /* HourCalculator */,
				32629E0826825FD9006632F2 /* HourCalculatorTests */,
				32629E1326825FD9006632F2 /* HourCalculatorUITests */,
			);
		};
/* End PBXProject section */

/* Begin PBXResourcesBuildPhase section */
		32629DF126825FD7006632F2 /* Resources */ = {
			isa = PBXResourcesBuildPhase;
			buildActionMask = 2147483647;
			files = (
				323FC525268431FD00A20EA2 /* GoogleService-Info.plist in Resources */,
				32629E0326825FD9006632F2 /* LaunchScreen.storyboard in Resources */,
				32629E0026825FD9006632F2 /* Assets.xcassets in Resources */,
				32629DFE26825FD7006632F2 /* Main.storyboard in Resources */,
			);
			runOnlyForDeploymentPostprocessing = 0;
		};
		32629E0726825FD9006632F2 /* Resources */ = {
			isa = PBXResourcesBuildPhase;
			buildActionMask = 2147483647;
			files = (
				32723E7D2683C16C0028BB44 /* GoogleService-Info.plist in Resources */,
			);
			runOnlyForDeploymentPostprocessing = 0;
		};
		32629E1226825FD9006632F2 /* Resources */ = {
			isa = PBXResourcesBuildPhase;
			buildActionMask = 2147483647;
			files = (
				32723E7E2683C16C0028BB44 /* GoogleService-Info.plist in Resources */,
			);
			runOnlyForDeploymentPostprocessing = 0;
		};
/* End PBXResourcesBuildPhase section */

/* Begin PBXShellScriptBuildPhase section */
		323FC524268430B900A20EA2 /* ShellScript */ = {
			isa = PBXShellScriptBuildPhase;
			buildActionMask = 2147483647;
			files = (
			);
			inputFileListPaths = (
			);
			inputPaths = (
			);
			outputFileListPaths = (
			);
			outputPaths = (
			);
			runOnlyForDeploymentPostprocessing = 0;
			shellPath = /bin/sh;
			shellScript = "${BUILD_DIR%Build/*}/SourcePackages/checkouts/firebase-ios-sdk/Crashlytics/run\n";
		};
/* End PBXShellScriptBuildPhase section */

/* Begin PBXSourcesBuildPhase section */
		32629DEF26825FD7006632F2 /* Sources */ = {
			isa = PBXSourcesBuildPhase;
			buildActionMask = 2147483647;
			files = (
				32629DFB26825FD7006632F2 /* ViewController.swift in Sources */,
				32629DF726825FD7006632F2 /* AppDelegate.swift in Sources */,
				32629DF926825FD7006632F2 /* SceneDelegate.swift in Sources */,
			);
			runOnlyForDeploymentPostprocessing = 0;
		};
		32629E0526825FD9006632F2 /* Sources */ = {
			isa = PBXSourcesBuildPhase;
			buildActionMask = 2147483647;
			files = (
				32629E0E26825FD9006632F2 /* HourCalculatorTests.swift in Sources */,
			);
			runOnlyForDeploymentPostprocessing = 0;
		};
		32629E1026825FD9006632F2 /* Sources */ = {
			isa = PBXSourcesBuildPhase;
			buildActionMask = 2147483647;
			files = (
				32629E1926825FD9006632F2 /* HourCalculatorUITests.swift in Sources */,
			);
			runOnlyForDeploymentPostprocessing = 0;
		};
/* End PBXSourcesBuildPhase section */

/* Begin PBXTargetDependency section */
		32629E0B26825FD9006632F2 /* PBXTargetDependency */ = {
			isa = PBXTargetDependency;
			target = 32629DF226825FD7006632F2 /* HourCalculator */;
			targetProxy = 32629E0A26825FD9006632F2 /* PBXContainerItemProxy */;
		};
		32629E1626825FD9006632F2 /* PBXTargetDependency */ = {
			isa = PBXTargetDependency;
			target = 32629DF226825FD7006632F2 /* HourCalculator */;
			targetProxy = 32629E1526825FD9006632F2 /* PBXContainerItemProxy */;
		};
/* End PBXTargetDependency section */

/* Begin PBXVariantGroup section */
		32629DFC26825FD7006632F2 /* Main.storyboard */ = {
			isa = PBXVariantGroup;
			children = (
				32629DFD26825FD7006632F2 /* Base */,
			);
			name = Main.storyboard;
			sourceTree = "<group>";
		};
		32629E0126825FD9006632F2 /* LaunchScreen.storyboard */ = {
			isa = PBXVariantGroup;
			children = (
				32629E0226825FD9006632F2 /* Base */,
			);
			name = LaunchScreen.storyboard;
			sourceTree = "<group>";
		};
/* End PBXVariantGroup section */

/* Begin XCBuildConfiguration section */
		32629E1B26825FD9006632F2 /* Debug */ = {
			isa = XCBuildConfiguration;
			buildSettings = {
				ALWAYS_SEARCH_USER_PATHS = NO;
				CLANG_ANALYZER_NONNULL = YES;
				CLANG_ANALYZER_NUMBER_OBJECT_CONVERSION = YES_AGGRESSIVE;
				CLANG_CXX_LANGUAGE_STANDARD = "gnu++14";
				CLANG_CXX_LIBRARY = "libc++";
				CLANG_ENABLE_MODULES = YES;
				CLANG_ENABLE_OBJC_ARC = YES;
				CLANG_ENABLE_OBJC_WEAK = YES;
				CLANG_WARN_BLOCK_CAPTURE_AUTORELEASING = YES;
				CLANG_WARN_BOOL_CONVERSION = YES;
				CLANG_WARN_COMMA = YES;
				CLANG_WARN_CONSTANT_CONVERSION = YES;
				CLANG_WARN_DEPRECATED_OBJC_IMPLEMENTATIONS = YES;
				CLANG_WARN_DIRECT_OBJC_ISA_USAGE = YES_ERROR;
				CLANG_WARN_DOCUMENTATION_COMMENTS = YES;
				CLANG_WARN_EMPTY_BODY = YES;
				CLANG_WARN_ENUM_CONVERSION = YES;
				CLANG_WARN_INFINITE_RECURSION = YES;
				CLANG_WARN_INT_CONVERSION = YES;
				CLANG_WARN_NON_LITERAL_NULL_CONVERSION = YES;
				CLANG_WARN_OBJC_IMPLICIT_RETAIN_SELF = YES;
				CLANG_WARN_OBJC_LITERAL_CONVERSION = YES;
				CLANG_WARN_OBJC_ROOT_CLASS = YES_ERROR;
				CLANG_WARN_QUOTED_INCLUDE_IN_FRAMEWORK_HEADER = YES;
				CLANG_WARN_RANGE_LOOP_ANALYSIS = YES;
				CLANG_WARN_STRICT_PROTOTYPES = YES;
				CLANG_WARN_SUSPICIOUS_MOVE = YES;
				CLANG_WARN_UNGUARDED_AVAILABILITY = YES_AGGRESSIVE;
				CLANG_WARN_UNREACHABLE_CODE = YES;
				CLANG_WARN__DUPLICATE_METHOD_MATCH = YES;
				COPY_PHASE_STRIP = NO;
				DEBUG_INFORMATION_FORMAT = dwarf;
				ENABLE_STRICT_OBJC_MSGSEND = YES;
				ENABLE_TESTABILITY = YES;
				GCC_C_LANGUAGE_STANDARD = gnu11;
				GCC_DYNAMIC_NO_PIC = NO;
				GCC_NO_COMMON_BLOCKS = YES;
				GCC_OPTIMIZATION_LEVEL = 0;
				GCC_PREPROCESSOR_DEFINITIONS = (
					"DEBUG=1",
					"$(inherited)",
				);
				GCC_WARN_64_TO_32_BIT_CONVERSION = YES;
				GCC_WARN_ABOUT_RETURN_TYPE = YES_ERROR;
				GCC_WARN_UNDECLARED_SELECTOR = YES;
				GCC_WARN_UNINITIALIZED_AUTOS = YES_AGGRESSIVE;
				GCC_WARN_UNUSED_FUNCTION = YES;
				GCC_WARN_UNUSED_VARIABLE = YES;
				IPHONEOS_DEPLOYMENT_TARGET = 14.5;
				MTL_ENABLE_DEBUG_INFO = INCLUDE_SOURCE;
				MTL_FAST_MATH = YES;
				ONLY_ACTIVE_ARCH = YES;
				SDKROOT = iphoneos;
				SWIFT_ACTIVE_COMPILATION_CONDITIONS = DEBUG;
				SWIFT_OPTIMIZATION_LEVEL = "-Onone";
			};
			name = Debug;
		};
		32629E1C26825FD9006632F2 /* Release */ = {
			isa = XCBuildConfiguration;
			buildSettings = {
				ALWAYS_SEARCH_USER_PATHS = NO;
				CLANG_ANALYZER_NONNULL = YES;
				CLANG_ANALYZER_NUMBER_OBJECT_CONVERSION = YES_AGGRESSIVE;
				CLANG_CXX_LANGUAGE_STANDARD = "gnu++14";
				CLANG_CXX_LIBRARY = "libc++";
				CLANG_ENABLE_MODULES = YES;
				CLANG_ENABLE_OBJC_ARC = YES;
				CLANG_ENABLE_OBJC_WEAK = YES;
				CLANG_WARN_BLOCK_CAPTURE_AUTORELEASING = YES;
				CLANG_WARN_BOOL_CONVERSION = YES;
				CLANG_WARN_COMMA = YES;
				CLANG_WARN_CONSTANT_CONVERSION = YES;
				CLANG_WARN_DEPRECATED_OBJC_IMPLEMENTATIONS = YES;
				CLANG_WARN_DIRECT_OBJC_ISA_USAGE = YES_ERROR;
				CLANG_WARN_DOCUMENTATION_COMMENTS = YES;
				CLANG_WARN_EMPTY_BODY = YES;
				CLANG_WARN_ENUM_CONVERSION = YES;
				CLANG_WARN_INFINITE_RECURSION = YES;
				CLANG_WARN_INT_CONVERSION = YES;
				CLANG_WARN_NON_LITERAL_NULL_CONVERSION = YES;
				CLANG_WARN_OBJC_IMPLICIT_RETAIN_SELF = YES;
				CLANG_WARN_OBJC_LITERAL_CONVERSION = YES;
				CLANG_WARN_OBJC_ROOT_CLASS = YES_ERROR;
				CLANG_WARN_QUOTED_INCLUDE_IN_FRAMEWORK_HEADER = YES;
				CLANG_WARN_RANGE_LOOP_ANALYSIS = YES;
				CLANG_WARN_STRICT_PROTOTYPES = YES;
				CLANG_WARN_SUSPICIOUS_MOVE = YES;
				CLANG_WARN_UNGUARDED_AVAILABILITY = YES_AGGRESSIVE;
				CLANG_WARN_UNREACHABLE_CODE = YES;
				CLANG_WARN__DUPLICATE_METHOD_MATCH = YES;
				COPY_PHASE_STRIP = NO;
				DEBUG_INFORMATION_FORMAT = "dwarf-with-dsym";
				ENABLE_NS_ASSERTIONS = NO;
				ENABLE_STRICT_OBJC_MSGSEND = YES;
				GCC_C_LANGUAGE_STANDARD = gnu11;
				GCC_NO_COMMON_BLOCKS = YES;
				GCC_WARN_64_TO_32_BIT_CONVERSION = YES;
				GCC_WARN_ABOUT_RETURN_TYPE = YES_ERROR;
				GCC_WARN_UNDECLARED_SELECTOR = YES;
				GCC_WARN_UNINITIALIZED_AUTOS = YES_AGGRESSIVE;
				GCC_WARN_UNUSED_FUNCTION = YES;
				GCC_WARN_UNUSED_VARIABLE = YES;
				IPHONEOS_DEPLOYMENT_TARGET = 14.5;
				MTL_ENABLE_DEBUG_INFO = NO;
				MTL_FAST_MATH = YES;
				ONLY_ACTIVE_ARCH = NO;
				SDKROOT = iphoneos;
				SWIFT_COMPILATION_MODE = wholemodule;
				SWIFT_OPTIMIZATION_LEVEL = "-O";
				VALIDATE_PRODUCT = YES;
			};
			name = Release;
		};
		32629E1E26825FD9006632F2 /* Debug */ = {
			isa = XCBuildConfiguration;
			buildSettings = {
				ASSETCATALOG_COMPILER_APPICON_NAME = AppIcon;
				ASSETCATALOG_COMPILER_GLOBAL_ACCENT_COLOR_NAME = AccentColor;
				CODE_SIGN_STYLE = Automatic;
				DEBUG_INFORMATION_FORMAT = "dwarf-with-dsym";
				DEVELOPMENT_TEAM = DP6RQZGX67;
				INFOPLIST_FILE = HourCalculator/Info.plist;
				LD_RUNPATH_SEARCH_PATHS = (
					"$(inherited)",
					"@executable_path/Frameworks",
				);
				MARKETING_VERSION = "0.0.1-beta";
				OTHER_LDFLAGS = "";
				PRODUCT_BUNDLE_IDENTIFIER = com.cory.HourCalculator;
				PRODUCT_NAME = "$(TARGET_NAME)";
				SWIFT_VERSION = 5.0;
				TARGETED_DEVICE_FAMILY = 1;
			};
			name = Debug;
		};
		32629E1F26825FD9006632F2 /* Release */ = {
			isa = XCBuildConfiguration;
			buildSettings = {
				ASSETCATALOG_COMPILER_APPICON_NAME = AppIcon;
				ASSETCATALOG_COMPILER_GLOBAL_ACCENT_COLOR_NAME = AccentColor;
				CODE_SIGN_STYLE = Automatic;
				DEBUG_INFORMATION_FORMAT = "dwarf-with-dsym";
				DEVELOPMENT_TEAM = DP6RQZGX67;
				INFOPLIST_FILE = HourCalculator/Info.plist;
				LD_RUNPATH_SEARCH_PATHS = (
					"$(inherited)",
					"@executable_path/Frameworks",
				);
				MARKETING_VERSION = "0.0.1-beta";
				OTHER_LDFLAGS = "";
				PRODUCT_BUNDLE_IDENTIFIER = com.cory.HourCalculator;
				PRODUCT_NAME = "$(TARGET_NAME)";
				SWIFT_VERSION = 5.0;
				TARGETED_DEVICE_FAMILY = 1;
			};
			name = Release;
		};
		32629E2126825FD9006632F2 /* Debug */ = {
			isa = XCBuildConfiguration;
			buildSettings = {
				ALWAYS_EMBED_SWIFT_STANDARD_LIBRARIES = YES;
				BUNDLE_LOADER = "$(TEST_HOST)";
				CODE_SIGN_STYLE = Automatic;
				DEVELOPMENT_TEAM = DP6RQZGX67;
				INFOPLIST_FILE = HourCalculatorTests/Info.plist;
				IPHONEOS_DEPLOYMENT_TARGET = 14.5;
				LD_RUNPATH_SEARCH_PATHS = (
					"$(inherited)",
					"@executable_path/Frameworks",
					"@loader_path/Frameworks",
				);
				PRODUCT_BUNDLE_IDENTIFIER = com.cory.HourCalculatorTests;
				PRODUCT_NAME = "$(TARGET_NAME)";
				SWIFT_VERSION = 5.0;
				TARGETED_DEVICE_FAMILY = "1,2";
				TEST_HOST = "$(BUILT_PRODUCTS_DIR)/HourCalculator.app/HourCalculator";
			};
			name = Debug;
		};
		32629E2226825FD9006632F2 /* Release */ = {
			isa = XCBuildConfiguration;
			buildSettings = {
				ALWAYS_EMBED_SWIFT_STANDARD_LIBRARIES = YES;
				BUNDLE_LOADER = "$(TEST_HOST)";
				CODE_SIGN_STYLE = Automatic;
				DEVELOPMENT_TEAM = DP6RQZGX67;
				INFOPLIST_FILE = HourCalculatorTests/Info.plist;
				IPHONEOS_DEPLOYMENT_TARGET = 14.5;
				LD_RUNPATH_SEARCH_PATHS = (
					"$(inherited)",
					"@executable_path/Frameworks",
					"@loader_path/Frameworks",
				);
				PRODUCT_BUNDLE_IDENTIFIER = com.cory.HourCalculatorTests;
				PRODUCT_NAME = "$(TARGET_NAME)";
				SWIFT_VERSION = 5.0;
				TARGETED_DEVICE_FAMILY = "1,2";
				TEST_HOST = "$(BUILT_PRODUCTS_DIR)/HourCalculator.app/HourCalculator";
			};
			name = Release;
		};
		32629E2426825FD9006632F2 /* Debug */ = {
			isa = XCBuildConfiguration;
			buildSettings = {
				ALWAYS_EMBED_SWIFT_STANDARD_LIBRARIES = YES;
				CODE_SIGN_STYLE = Automatic;
				DEVELOPMENT_TEAM = DP6RQZGX67;
				INFOPLIST_FILE = HourCalculatorUITests/Info.plist;
				LD_RUNPATH_SEARCH_PATHS = (
					"$(inherited)",
					"@executable_path/Frameworks",
					"@loader_path/Frameworks",
				);
				PRODUCT_BUNDLE_IDENTIFIER = com.cory.HourCalculatorUITests;
				PRODUCT_NAME = "$(TARGET_NAME)";
				SWIFT_VERSION = 5.0;
				TARGETED_DEVICE_FAMILY = "1,2";
				TEST_TARGET_NAME = HourCalculator;
			};
			name = Debug;
		};
		32629E2526825FD9006632F2 /* Release */ = {
			isa = XCBuildConfiguration;
			buildSettings = {
				ALWAYS_EMBED_SWIFT_STANDARD_LIBRARIES = YES;
				CODE_SIGN_STYLE = Automatic;
				DEVELOPMENT_TEAM = DP6RQZGX67;
				INFOPLIST_FILE = HourCalculatorUITests/Info.plist;
				LD_RUNPATH_SEARCH_PATHS = (
					"$(inherited)",
					"@executable_path/Frameworks",
					"@loader_path/Frameworks",
				);
				PRODUCT_BUNDLE_IDENTIFIER = com.cory.HourCalculatorUITests;
				PRODUCT_NAME = "$(TARGET_NAME)";
				SWIFT_VERSION = 5.0;
				TARGETED_DEVICE_FAMILY = "1,2";
				TEST_TARGET_NAME = HourCalculator;
			};
			name = Release;
		};
/* End XCBuildConfiguration section */

/* Begin XCConfigurationList section */
		32629DEE26825FD7006632F2 /* Build configuration list for PBXProject "HourCalculator" */ = {
			isa = XCConfigurationList;
			buildConfigurations = (
				32629E1B26825FD9006632F2 /* Debug */,
				32629E1C26825FD9006632F2 /* Release */,
			);
			defaultConfigurationIsVisible = 0;
			defaultConfigurationName = Release;
		};
		32629E1D26825FD9006632F2 /* Build configuration list for PBXNativeTarget "HourCalculator" */ = {
			isa = XCConfigurationList;
			buildConfigurations = (
				32629E1E26825FD9006632F2 /* Debug */,
				32629E1F26825FD9006632F2 /* Release */,
			);
			defaultConfigurationIsVisible = 0;
			defaultConfigurationName = Release;
		};
		32629E2026825FD9006632F2 /* Build configuration list for PBXNativeTarget "HourCalculatorTests" */ = {
			isa = XCConfigurationList;
			buildConfigurations = (
				32629E2126825FD9006632F2 /* Debug */,
				32629E2226825FD9006632F2 /* Release */,
			);
			defaultConfigurationIsVisible = 0;
			defaultConfigurationName = Release;
		};
		32629E2326825FD9006632F2 /* Build configuration list for PBXNativeTarget "HourCalculatorUITests" */ = {
			isa = XCConfigurationList;
			buildConfigurations = (
				32629E2426825FD9006632F2 /* Debug */,
				32629E2526825FD9006632F2 /* Release */,
			);
			defaultConfigurationIsVisible = 0;
			defaultConfigurationName = Release;
		};
/* End XCConfigurationList section */

/* Begin XCRemoteSwiftPackageReference section */
		323FC4EC26842FF100A20EA2 /* XCRemoteSwiftPackageReference "firebase-ios-sdk" */ = {
			isa = XCRemoteSwiftPackageReference;
			repositoryURL = "https://github.com/firebase/firebase-ios-sdk.git";
			requirement = {
				kind = upToNextMajorVersion;
				minimumVersion = 8.2.0;
			};
		};
/* End XCRemoteSwiftPackageReference section */

/* Begin XCSwiftPackageProductDependency section */
		323FC4ED26842FF100A20EA2 /* FirebaseAppDistribution-Beta */ = {
			isa = XCSwiftPackageProductDependency;
			package = 323FC4EC26842FF100A20EA2 /* XCRemoteSwiftPackageReference "firebase-ios-sdk" */;
			productName = "FirebaseAppDistribution-Beta";
		};
		323FC4EF26842FF100A20EA2 /* FirebaseInAppMessaging-Beta */ = {
			isa = XCSwiftPackageProductDependency;
			package = 323FC4EC26842FF100A20EA2 /* XCRemoteSwiftPackageReference "firebase-ios-sdk" */;
			productName = "FirebaseInAppMessaging-Beta";
		};
		323FC4F126842FF100A20EA2 /* FirebaseAnalyticsSwift-Beta */ = {
			isa = XCSwiftPackageProductDependency;
			package = 323FC4EC26842FF100A20EA2 /* XCRemoteSwiftPackageReference "firebase-ios-sdk" */;
			productName = "FirebaseAnalyticsSwift-Beta";
		};
		323FC4F326842FF100A20EA2 /* FirebaseAnalyticsWithoutAdIdSupport */ = {
			isa = XCSwiftPackageProductDependency;
			package = 323FC4EC26842FF100A20EA2 /* XCRemoteSwiftPackageReference "firebase-ios-sdk" */;
			productName = FirebaseAnalyticsWithoutAdIdSupport;
		};
		323FC4F526842FF100A20EA2 /* FirebaseFirestore */ = {
			isa = XCSwiftPackageProductDependency;
			package = 323FC4EC26842FF100A20EA2 /* XCRemoteSwiftPackageReference "firebase-ios-sdk" */;
			productName = FirebaseFirestore;
		};
		323FC4F726842FF100A20EA2 /* FirebaseInstallations */ = {
			isa = XCSwiftPackageProductDependency;
			package = 323FC4EC26842FF100A20EA2 /* XCRemoteSwiftPackageReference "firebase-ios-sdk" */;
			productName = FirebaseInstallations;
		};
		323FC4F926842FF100A20EA2 /* FirebaseDatabase */ = {
			isa = XCSwiftPackageProductDependency;
			package = 323FC4EC26842FF100A20EA2 /* XCRemoteSwiftPackageReference "firebase-ios-sdk" */;
			productName = FirebaseDatabase;
		};
		323FC4FB26842FF100A20EA2 /* FirebaseFirestoreSwift-Beta */ = {
			isa = XCSwiftPackageProductDependency;
			package = 323FC4EC26842FF100A20EA2 /* XCRemoteSwiftPackageReference "firebase-ios-sdk" */;
			productName = "FirebaseFirestoreSwift-Beta";
		};
		323FC4FD26842FF100A20EA2 /* FirebaseAnalytics */ = {
			isa = XCSwiftPackageProductDependency;
			package = 323FC4EC26842FF100A20EA2 /* XCRemoteSwiftPackageReference "firebase-ios-sdk" */;
			productName = FirebaseAnalytics;
		};
		323FC4FF26842FF100A20EA2 /* FirebaseRemoteConfig */ = {
			isa = XCSwiftPackageProductDependency;
			package = 323FC4EC26842FF100A20EA2 /* XCRemoteSwiftPackageReference "firebase-ios-sdk" */;
			productName = FirebaseRemoteConfig;
		};
		323FC50126842FF100A20EA2 /* FirebaseAppCheck */ = {
			isa = XCSwiftPackageProductDependency;
			package = 323FC4EC26842FF100A20EA2 /* XCRemoteSwiftPackageReference "firebase-ios-sdk" */;
			productName = FirebaseAppCheck;
		};
		323FC50326842FF100A20EA2 /* FirebaseStorageSwift-Beta */ = {
			isa = XCSwiftPackageProductDependency;
			package = 323FC4EC26842FF100A20EA2 /* XCRemoteSwiftPackageReference "firebase-ios-sdk" */;
			productName = "FirebaseStorageSwift-Beta";
		};
		323FC50526842FF100A20EA2 /* FirebaseAuth */ = {
			isa = XCSwiftPackageProductDependency;
			package = 323FC4EC26842FF100A20EA2 /* XCRemoteSwiftPackageReference "firebase-ios-sdk" */;
			productName = FirebaseAuth;
		};
		323FC50726842FF100A20EA2 /* FirebaseInAppMessagingSwift-Beta */ = {
			isa = XCSwiftPackageProductDependency;
			package = 323FC4EC26842FF100A20EA2 /* XCRemoteSwiftPackageReference "firebase-ios-sdk" */;
			productName = "FirebaseInAppMessagingSwift-Beta";
		};
		323FC50926842FF100A20EA2 /* FirebaseDatabaseSwift-Beta */ = {
			isa = XCSwiftPackageProductDependency;
			package = 323FC4EC26842FF100A20EA2 /* XCRemoteSwiftPackageReference "firebase-ios-sdk" */;
			productName = "FirebaseDatabaseSwift-Beta";
		};
		323FC50B26842FF100A20EA2 /* FirebaseMLModelDownloader */ = {
			isa = XCSwiftPackageProductDependency;
			package = 323FC4EC26842FF100A20EA2 /* XCRemoteSwiftPackageReference "firebase-ios-sdk" */;
			productName = FirebaseMLModelDownloader;
		};
		323FC50D26842FF100A20EA2 /* FirebaseMessaging */ = {
			isa = XCSwiftPackageProductDependency;
			package = 323FC4EC26842FF100A20EA2 /* XCRemoteSwiftPackageReference "firebase-ios-sdk" */;
			productName = FirebaseMessaging;
		};
		323FC50F26842FF100A20EA2 /* FirebaseCrashlytics */ = {
			isa = XCSwiftPackageProductDependency;
			package = 323FC4EC26842FF100A20EA2 /* XCRemoteSwiftPackageReference "firebase-ios-sdk" */;
			productName = FirebaseCrashlytics;
		};
		323FC51126842FF100A20EA2 /* FirebaseStorage */ = {
			isa = XCSwiftPackageProductDependency;
			package = 323FC4EC26842FF100A20EA2 /* XCRemoteSwiftPackageReference "firebase-ios-sdk" */;
			productName = FirebaseStorage;
		};
		323FC51326842FF100A20EA2 /* FirebaseDynamicLinks */ = {
			isa = XCSwiftPackageProductDependency;
			package = 323FC4EC26842FF100A20EA2 /* XCRemoteSwiftPackageReference "firebase-ios-sdk" */;
			productName = FirebaseDynamicLinks;
		};
		323FC51526842FF100A20EA2 /* FirebaseFunctions */ = {
			isa = XCSwiftPackageProductDependency;
			package = 323FC4EC26842FF100A20EA2 /* XCRemoteSwiftPackageReference "firebase-ios-sdk" */;
			productName = FirebaseFunctions;
		};
/* End XCSwiftPackageProductDependency section */
	};
	rootObject = 32629DEB26825FD7006632F2 /* Project object */;
}
