// !$*UTF8*$!
{
	archiveVersion = 1;
	classes = {
	};
	objectVersion = 52;
	objects = {

/* Begin PBXBuildFile section */
		32088B1526D4982E00B62C2A /* GalleryCollectionViewCell.swift in Sources */ = {isa = PBXBuildFile; fileRef = 32088B1426D4982E00B62C2A /* GalleryCollectionViewCell.swift */; };
		32088B1726D4984500B62C2A /* GalleryCollectionViewViewController.swift in Sources */ = {isa = PBXBuildFile; fileRef = 32088B1626D4984500B62C2A /* GalleryCollectionViewViewController.swift */; };
		32088B1926D5FCAC00B62C2A /* TimeCardSettingsViewController.swift in Sources */ = {isa = PBXBuildFile; fileRef = 32088B1826D5FCAC00B62C2A /* TimeCardSettingsViewController.swift */; };
		322C564026BDC28900A4E8DD /* TimeCardInfoTableViewCell.swift in Sources */ = {isa = PBXBuildFile; fileRef = 322C563F26BDC28900A4E8DD /* TimeCardInfoTableViewCell.swift */; };
		322C564226BDC32900A4E8DD /* TimeCardInfoTableViewController.swift in Sources */ = {isa = PBXBuildFile; fileRef = 322C564126BDC32900A4E8DD /* TimeCardInfoTableViewController.swift */; };
		323DD8F22685984D00332BA3 /* TableViewCell.swift in Sources */ = {isa = PBXBuildFile; fileRef = 323DD8F12685984D00332BA3 /* TableViewCell.swift */; };
		324248B826E0800C00C7BC62 /* MappingModel.xcmappingmodel in Sources */ = {isa = PBXBuildFile; fileRef = 324248B726E0800C00C7BC62 /* MappingModel.xcmappingmodel */; };
		3254AFA1268E71FB005B13E5 /* HistorySettingsTableViewController.swift in Sources */ = {isa = PBXBuildFile; fileRef = 3254AFA0268E71FB005B13E5 /* HistorySettingsTableViewController.swift */; };
		325568512689C13F00CC7ACD /* TabBarController.swift in Sources */ = {isa = PBXBuildFile; fileRef = 325568502689C13F00CC7ACD /* TabBarController.swift */; };
		325A41C82685634100B098C9 /* HistoryViewController.swift in Sources */ = {isa = PBXBuildFile; fileRef = 325A41C72685634100B098C9 /* HistoryViewController.swift */; };
		325A41CB26856ABF00B098C9 /* StoredHours.xcdatamodeld in Sources */ = {isa = PBXBuildFile; fileRef = 325A41C926856ABF00B098C9 /* StoredHours.xcdatamodeld */; };
		325F378826978B88000D6FFB /* TimeCardTableViewController.swift in Sources */ = {isa = PBXBuildFile; fileRef = 325F378726978B88000D6FFB /* TimeCardTableViewController.swift */; };
		32629DF726825FD7006632F2 /* AppDelegate.swift in Sources */ = {isa = PBXBuildFile; fileRef = 32629DF626825FD7006632F2 /* AppDelegate.swift */; };
		32629DF926825FD7006632F2 /* SceneDelegate.swift in Sources */ = {isa = PBXBuildFile; fileRef = 32629DF826825FD7006632F2 /* SceneDelegate.swift */; };
		32629DFB26825FD7006632F2 /* ViewController.swift in Sources */ = {isa = PBXBuildFile; fileRef = 32629DFA26825FD7006632F2 /* ViewController.swift */; };
		32629DFE26825FD7006632F2 /* Main.storyboard in Resources */ = {isa = PBXBuildFile; fileRef = 32629DFC26825FD7006632F2 /* Main.storyboard */; };
		32629E0026825FD9006632F2 /* Assets.xcassets in Resources */ = {isa = PBXBuildFile; fileRef = 32629DFF26825FD9006632F2 /* Assets.xcassets */; };
		32629E0326825FD9006632F2 /* LaunchScreen.storyboard in Resources */ = {isa = PBXBuildFile; fileRef = 32629E0126825FD9006632F2 /* LaunchScreen.storyboard */; };
		32629E0E26825FD9006632F2 /* HourCalculatorTests.swift in Sources */ = {isa = PBXBuildFile; fileRef = 32629E0D26825FD9006632F2 /* HourCalculatorTests.swift */; };
		32629E1926825FD9006632F2 /* HourCalculatorUITests.swift in Sources */ = {isa = PBXBuildFile; fileRef = 32629E1826825FD9006632F2 /* HourCalculatorUITests.swift */; };
		327241C326CF806E0022E5EA /* teal_logo.png in Resources */ = {isa = PBXBuildFile; fileRef = 327241C226CF806E0022E5EA /* teal_logo.png */; };
		327254302686A421000C6236 /* EditViewController.swift in Sources */ = {isa = PBXBuildFile; fileRef = 3272542F2686A421000C6236 /* EditViewController.swift */; };
		3272B71326D6D33200B2867C /* ImageViewController.swift in Sources */ = {isa = PBXBuildFile; fileRef = 3272B71226D6D33100B2867C /* ImageViewController.swift */; };
		3272C60A269799D400091268 /* TimeCardTableViewCell.swift in Sources */ = {isa = PBXBuildFile; fileRef = 3272C609269799D400091268 /* TimeCardTableViewCell.swift */; };
		32830187268B2D1F0042AAE7 /* SettingsTableViewController.swift in Sources */ = {isa = PBXBuildFile; fileRef = 32830186268B2D1F0042AAE7 /* SettingsTableViewController.swift */; };
		328498462687BE280092D22F /* SettingsTableViewCell.swift in Sources */ = {isa = PBXBuildFile; fileRef = 328498452687BE280092D22F /* SettingsTableViewCell.swift */; };
		328498482687D3F30092D22F /* ThemeViewController.swift in Sources */ = {isa = PBXBuildFile; fileRef = 328498472687D3F30092D22F /* ThemeViewController.swift */; };
		3284984C2687FE380092D22F /* PatchNotesViewController.swift in Sources */ = {isa = PBXBuildFile; fileRef = 3284984B2687FE380092D22F /* PatchNotesViewController.swift */; };
		329B5212269141790012E307 /* GoogleAppMeasurement.xcframework in Frameworks */ = {isa = PBXBuildFile; fileRef = 329B5211269141790012E307 /* GoogleAppMeasurement.xcframework */; };
		329B5216269141840012E307 /* GoogleMobileAds.xcframework in Frameworks */ = {isa = PBXBuildFile; fileRef = 329B5215269141840012E307 /* GoogleMobileAds.xcframework */; };
		329B5219269141910012E307 /* GoogleUtilities.xcframework in Frameworks */ = {isa = PBXBuildFile; fileRef = 329B5218269141910012E307 /* GoogleUtilities.xcframework */; };
		329B521C2691419E0012E307 /* nanopb.xcframework in Frameworks */ = {isa = PBXBuildFile; fileRef = 329B521B2691419E0012E307 /* nanopb.xcframework */; };
		329B521F269141A90012E307 /* PromisesObjC.xcframework in Frameworks */ = {isa = PBXBuildFile; fileRef = 329B521E269141A90012E307 /* PromisesObjC.xcframework */; };
		329B5222269141B20012E307 /* UserMessagingPlatform.xcframework in Frameworks */ = {isa = PBXBuildFile; fileRef = 329B5221269141B20012E307 /* UserMessagingPlatform.xcframework */; };
		32A2C045269234F200EABD3C /* HowToTableViewController.swift in Sources */ = {isa = PBXBuildFile; fileRef = 32A2C044269234F200EABD3C /* HowToTableViewController.swift */; };
		32A2C0F92696C12600EABD3C /* orange_logo.png in Resources */ = {isa = PBXBuildFile; fileRef = 32A2C0F52696C12600EABD3C /* orange_logo.png */; };
		32A2C0FA2696C12700EABD3C /* blue_logo.png in Resources */ = {isa = PBXBuildFile; fileRef = 32A2C0F62696C12600EABD3C /* blue_logo.png */; };
		32A2C0FB2696C12700EABD3C /* purple_logo.png in Resources */ = {isa = PBXBuildFile; fileRef = 32A2C0F72696C12600EABD3C /* purple_logo.png */; };
		32A2C0FC2696C12700EABD3C /* red_logo.png in Resources */ = {isa = PBXBuildFile; fileRef = 32A2C0F82696C12600EABD3C /* red_logo.png */; };
		32F52A85268AD02E00BD9E2F /* Siren in Frameworks */ = {isa = PBXBuildFile; productRef = 32F52A84268AD02E00BD9E2F /* Siren */; };
		8EF53F490587A01053E52F1C /* Pods_HourCalculator.framework in Frameworks */ = {isa = PBXBuildFile; fileRef = 6578745A48FD1221C4B5F8E5 /* Pods_HourCalculator.framework */; };
		F3926611903E915AA160F608 /* Pods_HourCalculator_HourCalculatorUITests.framework in Frameworks */ = {isa = PBXBuildFile; fileRef = 7675E8946F8B81AC8D693FE5 /* Pods_HourCalculator_HourCalculatorUITests.framework */; };
		F6607A63DABD37D66663D569 /* Pods_HourCalculatorTests.framework in Frameworks */ = {isa = PBXBuildFile; fileRef = 9119C3FC6C816449264A4FA6 /* Pods_HourCalculatorTests.framework */; };
/* End PBXBuildFile section */

/* Begin PBXContainerItemProxy section */
		32629E0A26825FD9006632F2 /* PBXContainerItemProxy */ = {
			isa = PBXContainerItemProxy;
			containerPortal = 32629DEB26825FD7006632F2 /* Project object */;
			proxyType = 1;
			remoteGlobalIDString = 32629DF226825FD7006632F2;
			remoteInfo = HourCalculator;
		};
		32629E1526825FD9006632F2 /* PBXContainerItemProxy */ = {
			isa = PBXContainerItemProxy;
			containerPortal = 32629DEB26825FD7006632F2 /* Project object */;
			proxyType = 1;
			remoteGlobalIDString = 32629DF226825FD7006632F2;
			remoteInfo = HourCalculator;
		};
/* End PBXContainerItemProxy section */

/* Begin PBXCopyFilesBuildPhase section */
		32A2C0622692911800EABD3C /* Embed App Clips */ = {
			isa = PBXCopyFilesBuildPhase;
			buildActionMask = 2147483647;
			dstPath = "$(CONTENTS_FOLDER_PATH)/AppClips";
			dstSubfolderSpec = 16;
			files = (
			);
			name = "Embed App Clips";
			runOnlyForDeploymentPostprocessing = 0;
		};
/* End PBXCopyFilesBuildPhase section */

/* Begin PBXFileReference section */
		32088B1426D4982E00B62C2A /* GalleryCollectionViewCell.swift */ = {isa = PBXFileReference; lastKnownFileType = sourcecode.swift; path = GalleryCollectionViewCell.swift; sourceTree = "<group>"; };
		32088B1626D4984500B62C2A /* GalleryCollectionViewViewController.swift */ = {isa = PBXFileReference; lastKnownFileType = sourcecode.swift; path = GalleryCollectionViewViewController.swift; sourceTree = "<group>"; };
		32088B1826D5FCAC00B62C2A /* TimeCardSettingsViewController.swift */ = {isa = PBXFileReference; lastKnownFileType = sourcecode.swift; path = TimeCardSettingsViewController.swift; sourceTree = "<group>"; };
		322C563F26BDC28900A4E8DD /* TimeCardInfoTableViewCell.swift */ = {isa = PBXFileReference; lastKnownFileType = sourcecode.swift; path = TimeCardInfoTableViewCell.swift; sourceTree = "<group>"; };
		322C564126BDC32900A4E8DD /* TimeCardInfoTableViewController.swift */ = {isa = PBXFileReference; lastKnownFileType = sourcecode.swift; path = TimeCardInfoTableViewController.swift; sourceTree = "<group>"; };
		323DD8F12685984D00332BA3 /* TableViewCell.swift */ = {isa = PBXFileReference; lastKnownFileType = sourcecode.swift; path = TableViewCell.swift; sourceTree = "<group>"; };
		324248B626DF204300C7BC62 /* StoredHours 2.xcdatamodel */ = {isa = PBXFileReference; lastKnownFileType = wrapper.xcdatamodel; path = "StoredHours 2.xcdatamodel"; sourceTree = "<group>"; };
		324248B726E0800C00C7BC62 /* MappingModel.xcmappingmodel */ = {isa = PBXFileReference; lastKnownFileType = wrapper.xcmappingmodel; path = MappingModel.xcmappingmodel; sourceTree = "<group>"; };
		3254AFA0268E71FB005B13E5 /* HistorySettingsTableViewController.swift */ = {isa = PBXFileReference; lastKnownFileType = sourcecode.swift; path = HistorySettingsTableViewController.swift; sourceTree = "<group>"; };
		3255684F26897A1700CC7ACD /* HourCalculator.entitlements */ = {isa = PBXFileReference; lastKnownFileType = text.plist.entitlements; path = HourCalculator.entitlements; sourceTree = "<group>"; };
		325568502689C13F00CC7ACD /* TabBarController.swift */ = {isa = PBXFileReference; lastKnownFileType = sourcecode.swift; path = TabBarController.swift; sourceTree = "<group>"; };
		325A41C72685634100B098C9 /* HistoryViewController.swift */ = {isa = PBXFileReference; lastKnownFileType = sourcecode.swift; path = HistoryViewController.swift; sourceTree = "<group>"; };
		325A41CA26856ABF00B098C9 /* StoredHours.xcdatamodel */ = {isa = PBXFileReference; lastKnownFileType = wrapper.xcdatamodel; path = StoredHours.xcdatamodel; sourceTree = "<group>"; };
		325F378726978B88000D6FFB /* TimeCardTableViewController.swift */ = {isa = PBXFileReference; lastKnownFileType = sourcecode.swift; path = TimeCardTableViewController.swift; sourceTree = "<group>"; };
		32629DF326825FD7006632F2 /* HourCalculator.app */ = {isa = PBXFileReference; explicitFileType = wrapper.application; includeInIndex = 0; path = HourCalculator.app; sourceTree = BUILT_PRODUCTS_DIR; };
		32629DF626825FD7006632F2 /* AppDelegate.swift */ = {isa = PBXFileReference; lastKnownFileType = sourcecode.swift; path = AppDelegate.swift; sourceTree = "<group>"; };
		32629DF826825FD7006632F2 /* SceneDelegate.swift */ = {isa = PBXFileReference; lastKnownFileType = sourcecode.swift; path = SceneDelegate.swift; sourceTree = "<group>"; };
		32629DFA26825FD7006632F2 /* ViewController.swift */ = {isa = PBXFileReference; lastKnownFileType = sourcecode.swift; path = ViewController.swift; sourceTree = "<group>"; };
		32629DFD26825FD7006632F2 /* Base */ = {isa = PBXFileReference; lastKnownFileType = file.storyboard; name = Base; path = Base.lproj/Main.storyboard; sourceTree = "<group>"; };
		32629DFF26825FD9006632F2 /* Assets.xcassets */ = {isa = PBXFileReference; lastKnownFileType = folder.assetcatalog; path = Assets.xcassets; sourceTree = "<group>"; };
		32629E0226825FD9006632F2 /* Base */ = {isa = PBXFileReference; lastKnownFileType = file.storyboard; name = Base; path = Base.lproj/LaunchScreen.storyboard; sourceTree = "<group>"; };
		32629E0426825FD9006632F2 /* Info.plist */ = {isa = PBXFileReference; lastKnownFileType = text.plist.xml; path = Info.plist; sourceTree = "<group>"; };
		32629E0926825FD9006632F2 /* HourCalculatorTests.xctest */ = {isa = PBXFileReference; explicitFileType = wrapper.cfbundle; includeInIndex = 0; path = HourCalculatorTests.xctest; sourceTree = BUILT_PRODUCTS_DIR; };
		32629E0D26825FD9006632F2 /* HourCalculatorTests.swift */ = {isa = PBXFileReference; lastKnownFileType = sourcecode.swift; path = HourCalculatorTests.swift; sourceTree = "<group>"; };
		32629E0F26825FD9006632F2 /* Info.plist */ = {isa = PBXFileReference; lastKnownFileType = text.plist.xml; path = Info.plist; sourceTree = "<group>"; };
		32629E1426825FD9006632F2 /* HourCalculatorUITests.xctest */ = {isa = PBXFileReference; explicitFileType = wrapper.cfbundle; includeInIndex = 0; path = HourCalculatorUITests.xctest; sourceTree = BUILT_PRODUCTS_DIR; };
		32629E1826825FD9006632F2 /* HourCalculatorUITests.swift */ = {isa = PBXFileReference; lastKnownFileType = sourcecode.swift; path = HourCalculatorUITests.swift; sourceTree = "<group>"; };
		32629E1A26825FD9006632F2 /* Info.plist */ = {isa = PBXFileReference; lastKnownFileType = text.plist.xml; path = Info.plist; sourceTree = "<group>"; };
		327241C226CF806E0022E5EA /* teal_logo.png */ = {isa = PBXFileReference; lastKnownFileType = image.png; path = teal_logo.png; sourceTree = "<group>"; };
		3272542F2686A421000C6236 /* EditViewController.swift */ = {isa = PBXFileReference; lastKnownFileType = sourcecode.swift; path = EditViewController.swift; sourceTree = "<group>"; };
		3272B71226D6D33100B2867C /* ImageViewController.swift */ = {isa = PBXFileReference; lastKnownFileType = sourcecode.swift; path = ImageViewController.swift; sourceTree = "<group>"; };
		3272C609269799D400091268 /* TimeCardTableViewCell.swift */ = {isa = PBXFileReference; lastKnownFileType = sourcecode.swift; path = TimeCardTableViewCell.swift; sourceTree = "<group>"; };
		32830186268B2D1F0042AAE7 /* SettingsTableViewController.swift */ = {isa = PBXFileReference; lastKnownFileType = sourcecode.swift; path = SettingsTableViewController.swift; sourceTree = "<group>"; };
		328498452687BE280092D22F /* SettingsTableViewCell.swift */ = {isa = PBXFileReference; lastKnownFileType = sourcecode.swift; path = SettingsTableViewCell.swift; sourceTree = "<group>"; };
		328498472687D3F30092D22F /* ThemeViewController.swift */ = {isa = PBXFileReference; lastKnownFileType = sourcecode.swift; path = ThemeViewController.swift; sourceTree = "<group>"; };
		3284984B2687FE380092D22F /* PatchNotesViewController.swift */ = {isa = PBXFileReference; lastKnownFileType = sourcecode.swift; path = PatchNotesViewController.swift; sourceTree = "<group>"; };
		329B5211269141790012E307 /* GoogleAppMeasurement.xcframework */ = {isa = PBXFileReference; lastKnownFileType = wrapper.xcframework; name = GoogleAppMeasurement.xcframework; path = "../../../../../Downloads/GoogleMobileAdsSdkiOS-8.7.0/GoogleAppMeasurement.xcframework"; sourceTree = "<group>"; };
		329B5215269141840012E307 /* GoogleMobileAds.xcframework */ = {isa = PBXFileReference; lastKnownFileType = wrapper.xcframework; name = GoogleMobileAds.xcframework; path = "../../../../../Downloads/GoogleMobileAdsSdkiOS-8.7.0/GoogleMobileAds.xcframework"; sourceTree = "<group>"; };
		329B5218269141910012E307 /* GoogleUtilities.xcframework */ = {isa = PBXFileReference; lastKnownFileType = wrapper.xcframework; name = GoogleUtilities.xcframework; path = "../../../../../Downloads/GoogleMobileAdsSdkiOS-8.7.0/GoogleUtilities.xcframework"; sourceTree = "<group>"; };
		329B521B2691419E0012E307 /* nanopb.xcframework */ = {isa = PBXFileReference; lastKnownFileType = wrapper.xcframework; name = nanopb.xcframework; path = "../../../../../Downloads/GoogleMobileAdsSdkiOS-8.7.0/nanopb.xcframework"; sourceTree = "<group>"; };
		329B521E269141A90012E307 /* PromisesObjC.xcframework */ = {isa = PBXFileReference; lastKnownFileType = wrapper.xcframework; name = PromisesObjC.xcframework; path = "../../../../../Downloads/GoogleMobileAdsSdkiOS-8.7.0/PromisesObjC.xcframework"; sourceTree = "<group>"; };
		329B5221269141B20012E307 /* UserMessagingPlatform.xcframework */ = {isa = PBXFileReference; lastKnownFileType = wrapper.xcframework; name = UserMessagingPlatform.xcframework; path = "../../../../../Downloads/GoogleMobileAdsSdkiOS-8.7.0/UserMessagingPlatform.xcframework"; sourceTree = "<group>"; };
		32A2C044269234F200EABD3C /* HowToTableViewController.swift */ = {isa = PBXFileReference; lastKnownFileType = sourcecode.swift; path = HowToTableViewController.swift; sourceTree = "<group>"; };
		32A2C0F52696C12600EABD3C /* orange_logo.png */ = {isa = PBXFileReference; lastKnownFileType = image.png; path = orange_logo.png; sourceTree = "<group>"; };
		32A2C0F62696C12600EABD3C /* blue_logo.png */ = {isa = PBXFileReference; lastKnownFileType = image.png; path = blue_logo.png; sourceTree = "<group>"; };
		32A2C0F72696C12600EABD3C /* purple_logo.png */ = {isa = PBXFileReference; lastKnownFileType = image.png; path = purple_logo.png; sourceTree = "<group>"; };
		32A2C0F82696C12600EABD3C /* red_logo.png */ = {isa = PBXFileReference; lastKnownFileType = image.png; path = red_logo.png; sourceTree = "<group>"; };
		5A3A88E5FBB842C09EBFEE65 /* Pods-HourCalculatorTests.debug.xcconfig */ = {isa = PBXFileReference; includeInIndex = 1; lastKnownFileType = text.xcconfig; name = "Pods-HourCalculatorTests.debug.xcconfig"; path = "Target Support Files/Pods-HourCalculatorTests/Pods-HourCalculatorTests.debug.xcconfig"; sourceTree = "<group>"; };
		6578745A48FD1221C4B5F8E5 /* Pods_HourCalculator.framework */ = {isa = PBXFileReference; explicitFileType = wrapper.framework; includeInIndex = 0; path = Pods_HourCalculator.framework; sourceTree = BUILT_PRODUCTS_DIR; };
		7675E8946F8B81AC8D693FE5 /* Pods_HourCalculator_HourCalculatorUITests.framework */ = {isa = PBXFileReference; explicitFileType = wrapper.framework; includeInIndex = 0; path = Pods_HourCalculator_HourCalculatorUITests.framework; sourceTree = BUILT_PRODUCTS_DIR; };
		9119C3FC6C816449264A4FA6 /* Pods_HourCalculatorTests.framework */ = {isa = PBXFileReference; explicitFileType = wrapper.framework; includeInIndex = 0; path = Pods_HourCalculatorTests.framework; sourceTree = BUILT_PRODUCTS_DIR; };
		AAAE3E313AEA1E5A83CD7C9D /* Pods-HourCalculatorTests.release.xcconfig */ = {isa = PBXFileReference; includeInIndex = 1; lastKnownFileType = text.xcconfig; name = "Pods-HourCalculatorTests.release.xcconfig"; path = "Target Support Files/Pods-HourCalculatorTests/Pods-HourCalculatorTests.release.xcconfig"; sourceTree = "<group>"; };
		B661E331C3A67C73F8048DFB /* Pods-HourCalculator.release.xcconfig */ = {isa = PBXFileReference; includeInIndex = 1; lastKnownFileType = text.xcconfig; name = "Pods-HourCalculator.release.xcconfig"; path = "Target Support Files/Pods-HourCalculator/Pods-HourCalculator.release.xcconfig"; sourceTree = "<group>"; };
		C78A63FBADD9C7F924EC57EB /* Pods-HourCalculator-HourCalculatorUITests.release.xcconfig */ = {isa = PBXFileReference; includeInIndex = 1; lastKnownFileType = text.xcconfig; name = "Pods-HourCalculator-HourCalculatorUITests.release.xcconfig"; path = "Target Support Files/Pods-HourCalculator-HourCalculatorUITests/Pods-HourCalculator-HourCalculatorUITests.release.xcconfig"; sourceTree = "<group>"; };
		E2E8C7353E7BD0328E9A33F8 /* Pods-HourCalculator.debug.xcconfig */ = {isa = PBXFileReference; includeInIndex = 1; lastKnownFileType = text.xcconfig; name = "Pods-HourCalculator.debug.xcconfig"; path = "Target Support Files/Pods-HourCalculator/Pods-HourCalculator.debug.xcconfig"; sourceTree = "<group>"; };
		F94E7E33EBA639477AF4E6B9 /* Pods-HourCalculator-HourCalculatorUITests.debug.xcconfig */ = {isa = PBXFileReference; includeInIndex = 1; lastKnownFileType = text.xcconfig; name = "Pods-HourCalculator-HourCalculatorUITests.debug.xcconfig"; path = "Target Support Files/Pods-HourCalculator-HourCalculatorUITests/Pods-HourCalculator-HourCalculatorUITests.debug.xcconfig"; sourceTree = "<group>"; };
/* End PBXFileReference section */

/* Begin PBXFrameworksBuildPhase section */
		32629DF026825FD7006632F2 /* Frameworks */ = {
			isa = PBXFrameworksBuildPhase;
			buildActionMask = 2147483647;
			files = (
				329B5219269141910012E307 /* GoogleUtilities.xcframework in Frameworks */,
				32F52A85268AD02E00BD9E2F /* Siren in Frameworks */,
				329B5212269141790012E307 /* GoogleAppMeasurement.xcframework in Frameworks */,
				329B521F269141A90012E307 /* PromisesObjC.xcframework in Frameworks */,
				329B521C2691419E0012E307 /* nanopb.xcframework in Frameworks */,
				329B5222269141B20012E307 /* UserMessagingPlatform.xcframework in Frameworks */,
				329B5216269141840012E307 /* GoogleMobileAds.xcframework in Frameworks */,
				8EF53F490587A01053E52F1C /* Pods_HourCalculator.framework in Frameworks */,
			);
			runOnlyForDeploymentPostprocessing = 0;
		};
		32629E0626825FD9006632F2 /* Frameworks */ = {
			isa = PBXFrameworksBuildPhase;
			buildActionMask = 2147483647;
			files = (
				F6607A63DABD37D66663D569 /* Pods_HourCalculatorTests.framework in Frameworks */,
			);
			runOnlyForDeploymentPostprocessing = 0;
		};
		32629E1126825FD9006632F2 /* Frameworks */ = {
			isa = PBXFrameworksBuildPhase;
			buildActionMask = 2147483647;
			files = (
				F3926611903E915AA160F608 /* Pods_HourCalculator_HourCalculatorUITests.framework in Frameworks */,
			);
			runOnlyForDeploymentPostprocessing = 0;
		};
/* End PBXFrameworksBuildPhase section */

/* Begin PBXGroup section */
		32629DEA26825FD7006632F2 = {
			isa = PBXGroup;
			children = (
				32629DF526825FD7006632F2 /* HourCalculator */,
				32629E0C26825FD9006632F2 /* HourCalculatorTests */,
				32629E1726825FD9006632F2 /* HourCalculatorUITests */,
				32629DF426825FD7006632F2 /* Products */,
				C57BCD1BFE3520B69AA98BE7 /* Pods */,
				62D1BDB0B95E786AD2D0ADC3 /* Frameworks */,
			);
			sourceTree = "<group>";
		};
		32629DF426825FD7006632F2 /* Products */ = {
			isa = PBXGroup;
			children = (
				32629DF326825FD7006632F2 /* HourCalculator.app */,
				32629E0926825FD9006632F2 /* HourCalculatorTests.xctest */,
				32629E1426825FD9006632F2 /* HourCalculatorUITests.xctest */,
			);
			name = Products;
			sourceTree = "<group>";
		};
		32629DF526825FD7006632F2 /* HourCalculator */ = {
			isa = PBXGroup;
			children = (
				32A2C0F62696C12600EABD3C /* blue_logo.png */,
				32A2C0F52696C12600EABD3C /* orange_logo.png */,
				327241C226CF806E0022E5EA /* teal_logo.png */,
				32A2C0F72696C12600EABD3C /* purple_logo.png */,
				32A2C0F82696C12600EABD3C /* red_logo.png */,
				32830189268BAE330042AAE7 /* Storyboards */,
				32830188268BAE050042AAE7 /* View Controllers */,
				3255684F26897A1700CC7ACD /* HourCalculator.entitlements */,
				32629DF626825FD7006632F2 /* AppDelegate.swift */,
				324248B726E0800C00C7BC62 /* MappingModel.xcmappingmodel */,
				32629DF826825FD7006632F2 /* SceneDelegate.swift */,
				32629DFF26825FD9006632F2 /* Assets.xcassets */,
				32629E0426825FD9006632F2 /* Info.plist */,
				325A41C926856ABF00B098C9 /* StoredHours.xcdatamodeld */,
			);
			path = HourCalculator;
			sourceTree = "<group>";
		};
		32629E0C26825FD9006632F2 /* HourCalculatorTests */ = {
			isa = PBXGroup;
			children = (
				32629E0D26825FD9006632F2 /* HourCalculatorTests.swift */,
				32629E0F26825FD9006632F2 /* Info.plist */,
			);
			path = HourCalculatorTests;
			sourceTree = "<group>";
		};
		32629E1726825FD9006632F2 /* HourCalculatorUITests */ = {
			isa = PBXGroup;
			children = (
				32629E1826825FD9006632F2 /* HourCalculatorUITests.swift */,
				32629E1A26825FD9006632F2 /* Info.plist */,
			);
			path = HourCalculatorUITests;
			sourceTree = "<group>";
		};
		32830188268BAE050042AAE7 /* View Controllers */ = {
			isa = PBXGroup;
			children = (
				3272542F2686A421000C6236 /* EditViewController.swift */,
				3254AFA0268E71FB005B13E5 /* HistorySettingsTableViewController.swift */,
				325A41C72685634100B098C9 /* HistoryViewController.swift */,
				32A2C044269234F200EABD3C /* HowToTableViewController.swift */,
				3284984B2687FE380092D22F /* PatchNotesViewController.swift */,
				328498452687BE280092D22F /* SettingsTableViewCell.swift */,
				32830186268B2D1F0042AAE7 /* SettingsTableViewController.swift */,
				325568502689C13F00CC7ACD /* TabBarController.swift */,
				323DD8F12685984D00332BA3 /* TableViewCell.swift */,
				328498472687D3F30092D22F /* ThemeViewController.swift */,
				3272C609269799D400091268 /* TimeCardTableViewCell.swift */,
				325F378726978B88000D6FFB /* TimeCardTableViewController.swift */,
				32629DFA26825FD7006632F2 /* ViewController.swift */,
				322C563F26BDC28900A4E8DD /* TimeCardInfoTableViewCell.swift */,
				322C564126BDC32900A4E8DD /* TimeCardInfoTableViewController.swift */,
				32088B1426D4982E00B62C2A /* GalleryCollectionViewCell.swift */,
				32088B1626D4984500B62C2A /* GalleryCollectionViewViewController.swift */,
				32088B1826D5FCAC00B62C2A /* TimeCardSettingsViewController.swift */,
				3272B71226D6D33100B2867C /* ImageViewController.swift */,
			);
			path = "View Controllers";
			sourceTree = "<group>";
		};
		32830189268BAE330042AAE7 /* Storyboards */ = {
			isa = PBXGroup;
			children = (
				32629DFC26825FD7006632F2 /* Main.storyboard */,
				32629E0126825FD9006632F2 /* LaunchScreen.storyboard */,
			);
			path = Storyboards;
			sourceTree = "<group>";
		};
		62D1BDB0B95E786AD2D0ADC3 /* Frameworks */ = {
			isa = PBXGroup;
			children = (
				329B5221269141B20012E307 /* UserMessagingPlatform.xcframework */,
				329B521E269141A90012E307 /* PromisesObjC.xcframework */,
				329B521B2691419E0012E307 /* nanopb.xcframework */,
				329B5218269141910012E307 /* GoogleUtilities.xcframework */,
				329B5215269141840012E307 /* GoogleMobileAds.xcframework */,
				329B5211269141790012E307 /* GoogleAppMeasurement.xcframework */,
				6578745A48FD1221C4B5F8E5 /* Pods_HourCalculator.framework */,
				7675E8946F8B81AC8D693FE5 /* Pods_HourCalculator_HourCalculatorUITests.framework */,
				9119C3FC6C816449264A4FA6 /* Pods_HourCalculatorTests.framework */,
			);
			name = Frameworks;
			sourceTree = "<group>";
		};
		C57BCD1BFE3520B69AA98BE7 /* Pods */ = {
			isa = PBXGroup;
			children = (
				E2E8C7353E7BD0328E9A33F8 /* Pods-HourCalculator.debug.xcconfig */,
				B661E331C3A67C73F8048DFB /* Pods-HourCalculator.release.xcconfig */,
				F94E7E33EBA639477AF4E6B9 /* Pods-HourCalculator-HourCalculatorUITests.debug.xcconfig */,
				C78A63FBADD9C7F924EC57EB /* Pods-HourCalculator-HourCalculatorUITests.release.xcconfig */,
				5A3A88E5FBB842C09EBFEE65 /* Pods-HourCalculatorTests.debug.xcconfig */,
				AAAE3E313AEA1E5A83CD7C9D /* Pods-HourCalculatorTests.release.xcconfig */,
			);
			path = Pods;
			sourceTree = "<group>";
		};
/* End PBXGroup section */

/* Begin PBXNativeTarget section */
		32629DF226825FD7006632F2 /* HourCalculator */ = {
			isa = PBXNativeTarget;
			buildConfigurationList = 32629E1D26825FD9006632F2 /* Build configuration list for PBXNativeTarget "HourCalculator" */;
			buildPhases = (
				FEBC4A31FC891DF725B12AAE /* [CP] Check Pods Manifest.lock */,
				32629DEF26825FD7006632F2 /* Sources */,
				32629DF026825FD7006632F2 /* Frameworks */,
				32629DF126825FD7006632F2 /* Resources */,
				32A2C0622692911800EABD3C /* Embed App Clips */,
				46CC34435073884AE02268EC /* [CP] Embed Pods Frameworks */,
			);
			buildRules = (
			);
			dependencies = (
			);
			name = HourCalculator;
			packageProductDependencies = (
				32F52A84268AD02E00BD9E2F /* Siren */,
			);
			productName = HourCalculator;
			productReference = 32629DF326825FD7006632F2 /* HourCalculator.app */;
			productType = "com.apple.product-type.application";
		};
		32629E0826825FD9006632F2 /* HourCalculatorTests */ = {
			isa = PBXNativeTarget;
			buildConfigurationList = 32629E2026825FD9006632F2 /* Build configuration list for PBXNativeTarget "HourCalculatorTests" */;
			buildPhases = (
				A01D3BA88D49419B565FBF9B /* [CP] Check Pods Manifest.lock */,
				32629E0526825FD9006632F2 /* Sources */,
				32629E0626825FD9006632F2 /* Frameworks */,
				32629E0726825FD9006632F2 /* Resources */,
			);
			buildRules = (
			);
			dependencies = (
				32629E0B26825FD9006632F2 /* PBXTargetDependency */,
			);
			name = HourCalculatorTests;
			productName = HourCalculatorTests;
			productReference = 32629E0926825FD9006632F2 /* HourCalculatorTests.xctest */;
			productType = "com.apple.product-type.bundle.unit-test";
		};
		32629E1326825FD9006632F2 /* HourCalculatorUITests */ = {
			isa = PBXNativeTarget;
			buildConfigurationList = 32629E2326825FD9006632F2 /* Build configuration list for PBXNativeTarget "HourCalculatorUITests" */;
			buildPhases = (
				47FB8F1B3BFBA8A11222AB3A /* [CP] Check Pods Manifest.lock */,
				32629E1026825FD9006632F2 /* Sources */,
				32629E1126825FD9006632F2 /* Frameworks */,
				32629E1226825FD9006632F2 /* Resources */,
				CB9FFDA0282F8FE8CADE5083 /* [CP] Embed Pods Frameworks */,
			);
			buildRules = (
			);
			dependencies = (
				32629E1626825FD9006632F2 /* PBXTargetDependency */,
			);
			name = HourCalculatorUITests;
			productName = HourCalculatorUITests;
			productReference = 32629E1426825FD9006632F2 /* HourCalculatorUITests.xctest */;
			productType = "com.apple.product-type.bundle.ui-testing";
		};
/* End PBXNativeTarget section */

/* Begin PBXProject section */
		32629DEB26825FD7006632F2 /* Project object */ = {
			isa = PBXProject;
			attributes = {
				LastSwiftUpdateCheck = 1250;
				LastUpgradeCheck = 1250;
				TargetAttributes = {
					32629DF226825FD7006632F2 = {
						CreatedOnToolsVersion = 12.5;
					};
					32629E0826825FD9006632F2 = {
						CreatedOnToolsVersion = 12.5;
						TestTargetID = 32629DF226825FD7006632F2;
					};
					32629E1326825FD9006632F2 = {
						CreatedOnToolsVersion = 12.5;
						TestTargetID = 32629DF226825FD7006632F2;
					};
				};
			};
			buildConfigurationList = 32629DEE26825FD7006632F2 /* Build configuration list for PBXProject "HourCalculator" */;
			compatibilityVersion = "Xcode 9.3";
			developmentRegion = en;
			hasScannedForEncodings = 0;
			knownRegions = (
				en,
				Base,
			);
			mainGroup = 32629DEA26825FD7006632F2;
			packageReferences = (
				32F52A83268AD02E00BD9E2F /* XCRemoteSwiftPackageReference "Siren" */,
			);
			productRefGroup = 32629DF426825FD7006632F2 /* Products */;
			projectDirPath = "";
			projectRoot = "";
			targets = (
				32629DF226825FD7006632F2 /* HourCalculator */,
				32629E0826825FD9006632F2 /* HourCalculatorTests */,
				32629E1326825FD9006632F2 /* HourCalculatorUITests */,
			);
		};
/* End PBXProject section */

/* Begin PBXResourcesBuildPhase section */
		32629DF126825FD7006632F2 /* Resources */ = {
			isa = PBXResourcesBuildPhase;
			buildActionMask = 2147483647;
			files = (
				32A2C0FA2696C12700EABD3C /* blue_logo.png in Resources */,
				327241C326CF806E0022E5EA /* teal_logo.png in Resources */,
				32A2C0FB2696C12700EABD3C /* purple_logo.png in Resources */,
				32A2C0FC2696C12700EABD3C /* red_logo.png in Resources */,
				32629E0326825FD9006632F2 /* LaunchScreen.storyboard in Resources */,
				32629E0026825FD9006632F2 /* Assets.xcassets in Resources */,
				32629DFE26825FD7006632F2 /* Main.storyboard in Resources */,
				32A2C0F92696C12600EABD3C /* orange_logo.png in Resources */,
			);
			runOnlyForDeploymentPostprocessing = 0;
		};
		32629E0726825FD9006632F2 /* Resources */ = {
			isa = PBXResourcesBuildPhase;
			buildActionMask = 2147483647;
			files = (
			);
			runOnlyForDeploymentPostprocessing = 0;
		};
		32629E1226825FD9006632F2 /* Resources */ = {
			isa = PBXResourcesBuildPhase;
			buildActionMask = 2147483647;
			files = (
			);
			runOnlyForDeploymentPostprocessing = 0;
		};
/* End PBXResourcesBuildPhase section */

/* Begin PBXShellScriptBuildPhase section */
		46CC34435073884AE02268EC /* [CP] Embed Pods Frameworks */ = {
			isa = PBXShellScriptBuildPhase;
			buildActionMask = 2147483647;
			files = (
			);
			inputFileListPaths = (
				"${PODS_ROOT}/Target Support Files/Pods-HourCalculator/Pods-HourCalculator-frameworks-${CONFIGURATION}-input-files.xcfilelist",
			);
			name = "[CP] Embed Pods Frameworks";
			outputFileListPaths = (
				"${PODS_ROOT}/Target Support Files/Pods-HourCalculator/Pods-HourCalculator-frameworks-${CONFIGURATION}-output-files.xcfilelist",
			);
			runOnlyForDeploymentPostprocessing = 0;
			shellPath = /bin/sh;
			shellScript = "\"${PODS_ROOT}/Target Support Files/Pods-HourCalculator/Pods-HourCalculator-frameworks.sh\"\n";
			showEnvVarsInLog = 0;
		};
		47FB8F1B3BFBA8A11222AB3A /* [CP] Check Pods Manifest.lock */ = {
			isa = PBXShellScriptBuildPhase;
			buildActionMask = 2147483647;
			files = (
			);
			inputFileListPaths = (
			);
			inputPaths = (
				"${PODS_PODFILE_DIR_PATH}/Podfile.lock",
				"${PODS_ROOT}/Manifest.lock",
			);
			name = "[CP] Check Pods Manifest.lock";
			outputFileListPaths = (
			);
			outputPaths = (
				"$(DERIVED_FILE_DIR)/Pods-HourCalculator-HourCalculatorUITests-checkManifestLockResult.txt",
			);
			runOnlyForDeploymentPostprocessing = 0;
			shellPath = /bin/sh;
			shellScript = "diff \"${PODS_PODFILE_DIR_PATH}/Podfile.lock\" \"${PODS_ROOT}/Manifest.lock\" > /dev/null\nif [ $? != 0 ] ; then\n    # print error to STDERR\n    echo \"error: The sandbox is not in sync with the Podfile.lock. Run 'pod install' or update your CocoaPods installation.\" >&2\n    exit 1\nfi\n# This output is used by Xcode 'outputs' to avoid re-running this script phase.\necho \"SUCCESS\" > \"${SCRIPT_OUTPUT_FILE_0}\"\n";
			showEnvVarsInLog = 0;
		};
		A01D3BA88D49419B565FBF9B /* [CP] Check Pods Manifest.lock */ = {
			isa = PBXShellScriptBuildPhase;
			buildActionMask = 2147483647;
			files = (
			);
			inputFileListPaths = (
			);
			inputPaths = (
				"${PODS_PODFILE_DIR_PATH}/Podfile.lock",
				"${PODS_ROOT}/Manifest.lock",
			);
			name = "[CP] Check Pods Manifest.lock";
			outputFileListPaths = (
			);
			outputPaths = (
				"$(DERIVED_FILE_DIR)/Pods-HourCalculatorTests-checkManifestLockResult.txt",
			);
			runOnlyForDeploymentPostprocessing = 0;
			shellPath = /bin/sh;
			shellScript = "diff \"${PODS_PODFILE_DIR_PATH}/Podfile.lock\" \"${PODS_ROOT}/Manifest.lock\" > /dev/null\nif [ $? != 0 ] ; then\n    # print error to STDERR\n    echo \"error: The sandbox is not in sync with the Podfile.lock. Run 'pod install' or update your CocoaPods installation.\" >&2\n    exit 1\nfi\n# This output is used by Xcode 'outputs' to avoid re-running this script phase.\necho \"SUCCESS\" > \"${SCRIPT_OUTPUT_FILE_0}\"\n";
			showEnvVarsInLog = 0;
		};
		CB9FFDA0282F8FE8CADE5083 /* [CP] Embed Pods Frameworks */ = {
			isa = PBXShellScriptBuildPhase;
			buildActionMask = 2147483647;
			files = (
			);
			inputFileListPaths = (
				"${PODS_ROOT}/Target Support Files/Pods-HourCalculator-HourCalculatorUITests/Pods-HourCalculator-HourCalculatorUITests-frameworks-${CONFIGURATION}-input-files.xcfilelist",
			);
			name = "[CP] Embed Pods Frameworks";
			outputFileListPaths = (
				"${PODS_ROOT}/Target Support Files/Pods-HourCalculator-HourCalculatorUITests/Pods-HourCalculator-HourCalculatorUITests-frameworks-${CONFIGURATION}-output-files.xcfilelist",
			);
			runOnlyForDeploymentPostprocessing = 0;
			shellPath = /bin/sh;
			shellScript = "\"${PODS_ROOT}/Target Support Files/Pods-HourCalculator-HourCalculatorUITests/Pods-HourCalculator-HourCalculatorUITests-frameworks.sh\"\n";
			showEnvVarsInLog = 0;
		};
		FEBC4A31FC891DF725B12AAE /* [CP] Check Pods Manifest.lock */ = {
			isa = PBXShellScriptBuildPhase;
			buildActionMask = 2147483647;
			files = (
			);
			inputFileListPaths = (
			);
			inputPaths = (
				"${PODS_PODFILE_DIR_PATH}/Podfile.lock",
				"${PODS_ROOT}/Manifest.lock",
			);
			name = "[CP] Check Pods Manifest.lock";
			outputFileListPaths = (
			);
			outputPaths = (
				"$(DERIVED_FILE_DIR)/Pods-HourCalculator-checkManifestLockResult.txt",
			);
			runOnlyForDeploymentPostprocessing = 0;
			shellPath = /bin/sh;
			shellScript = "diff \"${PODS_PODFILE_DIR_PATH}/Podfile.lock\" \"${PODS_ROOT}/Manifest.lock\" > /dev/null\nif [ $? != 0 ] ; then\n    # print error to STDERR\n    echo \"error: The sandbox is not in sync with the Podfile.lock. Run 'pod install' or update your CocoaPods installation.\" >&2\n    exit 1\nfi\n# This output is used by Xcode 'outputs' to avoid re-running this script phase.\necho \"SUCCESS\" > \"${SCRIPT_OUTPUT_FILE_0}\"\n";
			showEnvVarsInLog = 0;
		};
/* End PBXShellScriptBuildPhase section */

/* Begin PBXSourcesBuildPhase section */
		32629DEF26825FD7006632F2 /* Sources */ = {
			isa = PBXSourcesBuildPhase;
			buildActionMask = 2147483647;
			files = (
				325A41CB26856ABF00B098C9 /* StoredHours.xcdatamodeld in Sources */,
				32088B1526D4982E00B62C2A /* GalleryCollectionViewCell.swift in Sources */,
				324248B826E0800C00C7BC62 /* MappingModel.xcmappingmodel in Sources */,
				3254AFA1268E71FB005B13E5 /* HistorySettingsTableViewController.swift in Sources */,
				32088B1726D4984500B62C2A /* GalleryCollectionViewViewController.swift in Sources */,
				322C564026BDC28900A4E8DD /* TimeCardInfoTableViewCell.swift in Sources */,
				32830187268B2D1F0042AAE7 /* SettingsTableViewController.swift in Sources */,
				3272B71326D6D33200B2867C /* ImageViewController.swift in Sources */,
				325568512689C13F00CC7ACD /* TabBarController.swift in Sources */,
				325F378826978B88000D6FFB /* TimeCardTableViewController.swift in Sources */,
				32629DFB26825FD7006632F2 /* ViewController.swift in Sources */,
				32629DF726825FD7006632F2 /* AppDelegate.swift in Sources */,
				32A2C045269234F200EABD3C /* HowToTableViewController.swift in Sources */,
				322C564226BDC32900A4E8DD /* TimeCardInfoTableViewController.swift in Sources */,
				32629DF926825FD7006632F2 /* SceneDelegate.swift in Sources */,
				325A41C82685634100B098C9 /* HistoryViewController.swift in Sources */,
				32088B1926D5FCAC00B62C2A /* TimeCardSettingsViewController.swift in Sources */,
				3272C60A269799D400091268 /* TimeCardTableViewCell.swift in Sources */,
				323DD8F22685984D00332BA3 /* TableViewCell.swift in Sources */,
				328498482687D3F30092D22F /* ThemeViewController.swift in Sources */,
				3284984C2687FE380092D22F /* PatchNotesViewController.swift in Sources */,
				328498462687BE280092D22F /* SettingsTableViewCell.swift in Sources */,
				327254302686A421000C6236 /* EditViewController.swift in Sources */,
			);
			runOnlyForDeploymentPostprocessing = 0;
		};
		32629E0526825FD9006632F2 /* Sources */ = {
			isa = PBXSourcesBuildPhase;
			buildActionMask = 2147483647;
			files = (
				32629E0E26825FD9006632F2 /* HourCalculatorTests.swift in Sources */,
			);
			runOnlyForDeploymentPostprocessing = 0;
		};
		32629E1026825FD9006632F2 /* Sources */ = {
			isa = PBXSourcesBuildPhase;
			buildActionMask = 2147483647;
			files = (
				32629E1926825FD9006632F2 /* HourCalculatorUITests.swift in Sources */,
			);
			runOnlyForDeploymentPostprocessing = 0;
		};
/* End PBXSourcesBuildPhase section */

/* Begin PBXTargetDependency section */
		32629E0B26825FD9006632F2 /* PBXTargetDependency */ = {
			isa = PBXTargetDependency;
			target = 32629DF226825FD7006632F2 /* HourCalculator */;
			targetProxy = 32629E0A26825FD9006632F2 /* PBXContainerItemProxy */;
		};
		32629E1626825FD9006632F2 /* PBXTargetDependency */ = {
			isa = PBXTargetDependency;
			target = 32629DF226825FD7006632F2 /* HourCalculator */;
			targetProxy = 32629E1526825FD9006632F2 /* PBXContainerItemProxy */;
		};
/* End PBXTargetDependency section */

/* Begin PBXVariantGroup section */
		32629DFC26825FD7006632F2 /* Main.storyboard */ = {
			isa = PBXVariantGroup;
			children = (
				32629DFD26825FD7006632F2 /* Base */,
			);
			name = Main.storyboard;
			sourceTree = "<group>";
		};
		32629E0126825FD9006632F2 /* LaunchScreen.storyboard */ = {
			isa = PBXVariantGroup;
			children = (
				32629E0226825FD9006632F2 /* Base */,
			);
			name = LaunchScreen.storyboard;
			sourceTree = "<group>";
		};
/* End PBXVariantGroup section */

/* Begin XCBuildConfiguration section */
		32629E1B26825FD9006632F2 /* Debug */ = {
			isa = XCBuildConfiguration;
			buildSettings = {
				ALWAYS_SEARCH_USER_PATHS = NO;
				CLANG_ANALYZER_LOCALIZABILITY_NONLOCALIZED = YES;
				CLANG_ANALYZER_NONNULL = YES;
				CLANG_ANALYZER_NUMBER_OBJECT_CONVERSION = YES_AGGRESSIVE;
				CLANG_CXX_LANGUAGE_STANDARD = "gnu++14";
				CLANG_CXX_LIBRARY = "libc++";
				CLANG_ENABLE_MODULES = YES;
				CLANG_ENABLE_OBJC_ARC = YES;
				CLANG_ENABLE_OBJC_WEAK = YES;
				CLANG_WARN_BLOCK_CAPTURE_AUTORELEASING = YES;
				CLANG_WARN_BOOL_CONVERSION = YES;
				CLANG_WARN_COMMA = YES;
				CLANG_WARN_CONSTANT_CONVERSION = YES;
				CLANG_WARN_DEPRECATED_OBJC_IMPLEMENTATIONS = YES;
				CLANG_WARN_DIRECT_OBJC_ISA_USAGE = YES_ERROR;
				CLANG_WARN_DOCUMENTATION_COMMENTS = YES;
				CLANG_WARN_EMPTY_BODY = YES;
				CLANG_WARN_ENUM_CONVERSION = YES;
				CLANG_WARN_INFINITE_RECURSION = YES;
				CLANG_WARN_INT_CONVERSION = YES;
				CLANG_WARN_NON_LITERAL_NULL_CONVERSION = YES;
				CLANG_WARN_OBJC_IMPLICIT_RETAIN_SELF = YES;
				CLANG_WARN_OBJC_LITERAL_CONVERSION = YES;
				CLANG_WARN_OBJC_ROOT_CLASS = YES_ERROR;
				CLANG_WARN_QUOTED_INCLUDE_IN_FRAMEWORK_HEADER = YES;
				CLANG_WARN_RANGE_LOOP_ANALYSIS = YES;
				CLANG_WARN_STRICT_PROTOTYPES = YES;
				CLANG_WARN_SUSPICIOUS_MOVE = YES;
				CLANG_WARN_UNGUARDED_AVAILABILITY = YES_AGGRESSIVE;
				CLANG_WARN_UNREACHABLE_CODE = YES;
				CLANG_WARN__DUPLICATE_METHOD_MATCH = YES;
				COPY_PHASE_STRIP = NO;
				DEBUG_INFORMATION_FORMAT = dwarf;
				ENABLE_STRICT_OBJC_MSGSEND = YES;
				ENABLE_TESTABILITY = YES;
				GCC_C_LANGUAGE_STANDARD = gnu11;
				GCC_DYNAMIC_NO_PIC = NO;
				GCC_NO_COMMON_BLOCKS = YES;
				GCC_OPTIMIZATION_LEVEL = 0;
				GCC_PREPROCESSOR_DEFINITIONS = (
					"DEBUG=1",
					"$(inherited)",
				);
				GCC_WARN_64_TO_32_BIT_CONVERSION = YES;
				GCC_WARN_ABOUT_RETURN_TYPE = YES_ERROR;
				GCC_WARN_UNDECLARED_SELECTOR = YES;
				GCC_WARN_UNINITIALIZED_AUTOS = YES_AGGRESSIVE;
				GCC_WARN_UNUSED_FUNCTION = YES;
				GCC_WARN_UNUSED_VARIABLE = YES;
				IPHONEOS_DEPLOYMENT_TARGET = 13.0;
				MTL_ENABLE_DEBUG_INFO = INCLUDE_SOURCE;
				MTL_FAST_MATH = YES;
				ONLY_ACTIVE_ARCH = YES;
				SDKROOT = iphoneos;
				SWIFT_ACTIVE_COMPILATION_CONDITIONS = DEBUG;
				SWIFT_OPTIMIZATION_LEVEL = "-Onone";
			};
			name = Debug;
		};
		32629E1C26825FD9006632F2 /* Release */ = {
			isa = XCBuildConfiguration;
			buildSettings = {
				ALWAYS_SEARCH_USER_PATHS = NO;
				CLANG_ANALYZER_LOCALIZABILITY_NONLOCALIZED = YES;
				CLANG_ANALYZER_NONNULL = YES;
				CLANG_ANALYZER_NUMBER_OBJECT_CONVERSION = YES_AGGRESSIVE;
				CLANG_CXX_LANGUAGE_STANDARD = "gnu++14";
				CLANG_CXX_LIBRARY = "libc++";
				CLANG_ENABLE_MODULES = YES;
				CLANG_ENABLE_OBJC_ARC = YES;
				CLANG_ENABLE_OBJC_WEAK = YES;
				CLANG_WARN_BLOCK_CAPTURE_AUTORELEASING = YES;
				CLANG_WARN_BOOL_CONVERSION = YES;
				CLANG_WARN_COMMA = YES;
				CLANG_WARN_CONSTANT_CONVERSION = YES;
				CLANG_WARN_DEPRECATED_OBJC_IMPLEMENTATIONS = YES;
				CLANG_WARN_DIRECT_OBJC_ISA_USAGE = YES_ERROR;
				CLANG_WARN_DOCUMENTATION_COMMENTS = YES;
				CLANG_WARN_EMPTY_BODY = YES;
				CLANG_WARN_ENUM_CONVERSION = YES;
				CLANG_WARN_INFINITE_RECURSION = YES;
				CLANG_WARN_INT_CONVERSION = YES;
				CLANG_WARN_NON_LITERAL_NULL_CONVERSION = YES;
				CLANG_WARN_OBJC_IMPLICIT_RETAIN_SELF = YES;
				CLANG_WARN_OBJC_LITERAL_CONVERSION = YES;
				CLANG_WARN_OBJC_ROOT_CLASS = YES_ERROR;
				CLANG_WARN_QUOTED_INCLUDE_IN_FRAMEWORK_HEADER = YES;
				CLANG_WARN_RANGE_LOOP_ANALYSIS = YES;
				CLANG_WARN_STRICT_PROTOTYPES = YES;
				CLANG_WARN_SUSPICIOUS_MOVE = YES;
				CLANG_WARN_UNGUARDED_AVAILABILITY = YES_AGGRESSIVE;
				CLANG_WARN_UNREACHABLE_CODE = YES;
				CLANG_WARN__DUPLICATE_METHOD_MATCH = YES;
				COPY_PHASE_STRIP = NO;
				DEBUG_INFORMATION_FORMAT = "dwarf-with-dsym";
				ENABLE_NS_ASSERTIONS = NO;
				ENABLE_STRICT_OBJC_MSGSEND = YES;
				GCC_C_LANGUAGE_STANDARD = gnu11;
				GCC_NO_COMMON_BLOCKS = YES;
				GCC_WARN_64_TO_32_BIT_CONVERSION = YES;
				GCC_WARN_ABOUT_RETURN_TYPE = YES_ERROR;
				GCC_WARN_UNDECLARED_SELECTOR = YES;
				GCC_WARN_UNINITIALIZED_AUTOS = YES_AGGRESSIVE;
				GCC_WARN_UNUSED_FUNCTION = YES;
				GCC_WARN_UNUSED_VARIABLE = YES;
				IPHONEOS_DEPLOYMENT_TARGET = 13.0;
				MTL_ENABLE_DEBUG_INFO = NO;
				MTL_FAST_MATH = YES;
				ONLY_ACTIVE_ARCH = NO;
				SDKROOT = iphoneos;
				SWIFT_COMPILATION_MODE = wholemodule;
				SWIFT_OPTIMIZATION_LEVEL = "-O";
				VALIDATE_PRODUCT = YES;
			};
			name = Release;
		};
		32629E1E26825FD9006632F2 /* Debug */ = {
			isa = XCBuildConfiguration;
			baseConfigurationReference = E2E8C7353E7BD0328E9A33F8 /* Pods-HourCalculator.debug.xcconfig */;
			buildSettings = {
				ALWAYS_EMBED_SWIFT_STANDARD_LIBRARIES = YES;
				ASSETCATALOG_COMPILER_APPICON_NAME = AppIcon;
				ASSETCATALOG_COMPILER_GLOBAL_ACCENT_COLOR_NAME = AccentColor;
				CODE_SIGN_ENTITLEMENTS = HourCalculator/HourCalculator.entitlements;
				CODE_SIGN_IDENTITY = "Apple Development";
				CODE_SIGN_STYLE = Automatic;
				CURRENT_PROJECT_VERSION = 45;
				DEBUG_INFORMATION_FORMAT = "dwarf-with-dsym";
				DEVELOPMENT_TEAM = DP6RQZGX67;
				INFOPLIST_FILE = HourCalculator/Info.plist;
				LD_RUNPATH_SEARCH_PATHS = (
					"$(inherited)",
					"@executable_path/Frameworks",
				);
				MARKETING_VERSION = 1.4.4;
				OTHER_LDFLAGS = "-ObjC";
				OTHER_SWIFT_FLAGS = "$(inherited) -D COCOAPODS";
				PRODUCT_BUNDLE_IDENTIFIER = com.cory.HourCalculator;
				PRODUCT_NAME = "$(TARGET_NAME)";
				PROVISIONING_PROFILE_SPECIFIER = "";
				SWIFT_VERSION = 5.0;
				TARGETED_DEVICE_FAMILY = "1,2";
			};
			name = Debug;
		};
		32629E1F26825FD9006632F2 /* Release */ = {
			isa = XCBuildConfiguration;
			baseConfigurationReference = B661E331C3A67C73F8048DFB /* Pods-HourCalculator.release.xcconfig */;
			buildSettings = {
				ALWAYS_EMBED_SWIFT_STANDARD_LIBRARIES = YES;
				ASSETCATALOG_COMPILER_APPICON_NAME = AppIcon;
				ASSETCATALOG_COMPILER_GLOBAL_ACCENT_COLOR_NAME = AccentColor;
				CODE_SIGN_ENTITLEMENTS = HourCalculator/HourCalculator.entitlements;
				CODE_SIGN_IDENTITY = "Apple Development";
				CODE_SIGN_STYLE = Automatic;
				CURRENT_PROJECT_VERSION = 45;
				DEBUG_INFORMATION_FORMAT = "dwarf-with-dsym";
				DEVELOPMENT_TEAM = DP6RQZGX67;
				INFOPLIST_FILE = HourCalculator/Info.plist;
				LD_RUNPATH_SEARCH_PATHS = (
					"$(inherited)",
					"@executable_path/Frameworks",
				);
				MARKETING_VERSION = 1.4.4;
				OTHER_LDFLAGS = "-ObjC";
				OTHER_SWIFT_FLAGS = "$(inherited) -D COCOAPODS";
				PRODUCT_BUNDLE_IDENTIFIER = com.cory.HourCalculator;
				PRODUCT_NAME = "$(TARGET_NAME)";
				PROVISIONING_PROFILE_SPECIFIER = "";
				SWIFT_VERSION = 5.0;
				TARGETED_DEVICE_FAMILY = "1,2";
			};
			name = Release;
		};
		32629E2126825FD9006632F2 /* Debug */ = {
			isa = XCBuildConfiguration;
			baseConfigurationReference = 5A3A88E5FBB842C09EBFEE65 /* Pods-HourCalculatorTests.debug.xcconfig */;
			buildSettings = {
				ALWAYS_EMBED_SWIFT_STANDARD_LIBRARIES = YES;
				BUNDLE_LOADER = "$(TEST_HOST)";
				CODE_SIGN_STYLE = Automatic;
				DEVELOPMENT_TEAM = DP6RQZGX67;
				INFOPLIST_FILE = HourCalculatorTests/Info.plist;
				IPHONEOS_DEPLOYMENT_TARGET = 14.5;
				LD_RUNPATH_SEARCH_PATHS = (
					"$(inherited)",
					"@executable_path/Frameworks",
					"@loader_path/Frameworks",
				);
				PRODUCT_BUNDLE_IDENTIFIER = com.cory.HourCalculatorTests;
				PRODUCT_NAME = "$(TARGET_NAME)";
				SWIFT_VERSION = 5.0;
				TARGETED_DEVICE_FAMILY = "1,2";
				TEST_HOST = "$(BUILT_PRODUCTS_DIR)/HourCalculator.app/HourCalculator";
			};
			name = Debug;
		};
		32629E2226825FD9006632F2 /* Release */ = {
			isa = XCBuildConfiguration;
			baseConfigurationReference = AAAE3E313AEA1E5A83CD7C9D /* Pods-HourCalculatorTests.release.xcconfig */;
			buildSettings = {
				ALWAYS_EMBED_SWIFT_STANDARD_LIBRARIES = YES;
				BUNDLE_LOADER = "$(TEST_HOST)";
				CODE_SIGN_STYLE = Automatic;
				DEVELOPMENT_TEAM = DP6RQZGX67;
				INFOPLIST_FILE = HourCalculatorTests/Info.plist;
				IPHONEOS_DEPLOYMENT_TARGET = 14.5;
				LD_RUNPATH_SEARCH_PATHS = (
					"$(inherited)",
					"@executable_path/Frameworks",
					"@loader_path/Frameworks",
				);
				PRODUCT_BUNDLE_IDENTIFIER = com.cory.HourCalculatorTests;
				PRODUCT_NAME = "$(TARGET_NAME)";
				SWIFT_VERSION = 5.0;
				TARGETED_DEVICE_FAMILY = "1,2";
				TEST_HOST = "$(BUILT_PRODUCTS_DIR)/HourCalculator.app/HourCalculator";
			};
			name = Release;
		};
		32629E2426825FD9006632F2 /* Debug */ = {
			isa = XCBuildConfiguration;
			baseConfigurationReference = F94E7E33EBA639477AF4E6B9 /* Pods-HourCalculator-HourCalculatorUITests.debug.xcconfig */;
			buildSettings = {
				ALWAYS_EMBED_SWIFT_STANDARD_LIBRARIES = YES;
				CODE_SIGN_STYLE = Automatic;
				DEVELOPMENT_TEAM = DP6RQZGX67;
				INFOPLIST_FILE = HourCalculatorUITests/Info.plist;
				LD_RUNPATH_SEARCH_PATHS = (
					"$(inherited)",
					"@executable_path/Frameworks",
					"@loader_path/Frameworks",
				);
				PRODUCT_BUNDLE_IDENTIFIER = com.cory.HourCalculatorUITests;
				PRODUCT_NAME = "$(TARGET_NAME)";
				SWIFT_VERSION = 5.0;
				TARGETED_DEVICE_FAMILY = "1,2";
				TEST_TARGET_NAME = HourCalculator;
			};
			name = Debug;
		};
		32629E2526825FD9006632F2 /* Release */ = {
			isa = XCBuildConfiguration;
			baseConfigurationReference = C78A63FBADD9C7F924EC57EB /* Pods-HourCalculator-HourCalculatorUITests.release.xcconfig */;
			buildSettings = {
				ALWAYS_EMBED_SWIFT_STANDARD_LIBRARIES = YES;
				CODE_SIGN_STYLE = Automatic;
				DEVELOPMENT_TEAM = DP6RQZGX67;
				INFOPLIST_FILE = HourCalculatorUITests/Info.plist;
				LD_RUNPATH_SEARCH_PATHS = (
					"$(inherited)",
					"@executable_path/Frameworks",
					"@loader_path/Frameworks",
				);
				PRODUCT_BUNDLE_IDENTIFIER = com.cory.HourCalculatorUITests;
				PRODUCT_NAME = "$(TARGET_NAME)";
				SWIFT_VERSION = 5.0;
				TARGETED_DEVICE_FAMILY = "1,2";
				TEST_TARGET_NAME = HourCalculator;
			};
			name = Release;
		};
/* End XCBuildConfiguration section */

/* Begin XCConfigurationList section */
		32629DEE26825FD7006632F2 /* Build configuration list for PBXProject "HourCalculator" */ = {
			isa = XCConfigurationList;
			buildConfigurations = (
				32629E1B26825FD9006632F2 /* Debug */,
				32629E1C26825FD9006632F2 /* Release */,
			);
			defaultConfigurationIsVisible = 0;
			defaultConfigurationName = Release;
		};
		32629E1D26825FD9006632F2 /* Build configuration list for PBXNativeTarget "HourCalculator" */ = {
			isa = XCConfigurationList;
			buildConfigurations = (
				32629E1E26825FD9006632F2 /* Debug */,
				32629E1F26825FD9006632F2 /* Release */,
			);
			defaultConfigurationIsVisible = 0;
			defaultConfigurationName = Release;
		};
		32629E2026825FD9006632F2 /* Build configuration list for PBXNativeTarget "HourCalculatorTests" */ = {
			isa = XCConfigurationList;
			buildConfigurations = (
				32629E2126825FD9006632F2 /* Debug */,
				32629E2226825FD9006632F2 /* Release */,
			);
			defaultConfigurationIsVisible = 0;
			defaultConfigurationName = Release;
		};
		32629E2326825FD9006632F2 /* Build configuration list for PBXNativeTarget "HourCalculatorUITests" */ = {
			isa = XCConfigurationList;
			buildConfigurations = (
				32629E2426825FD9006632F2 /* Debug */,
				32629E2526825FD9006632F2 /* Release */,
			);
			defaultConfigurationIsVisible = 0;
			defaultConfigurationName = Release;
		};
/* End XCConfigurationList section */

/* Begin XCRemoteSwiftPackageReference section */
		32F52A83268AD02E00BD9E2F /* XCRemoteSwiftPackageReference "Siren" */ = {
			isa = XCRemoteSwiftPackageReference;
			repositoryURL = "https://github.com/ArtSabintsev/Siren.git";
			requirement = {
				kind = upToNextMajorVersion;
				minimumVersion = 5.8.1;
			};
		};
/* End XCRemoteSwiftPackageReference section */

/* Begin XCSwiftPackageProductDependency section */
		32F52A84268AD02E00BD9E2F /* Siren */ = {
			isa = XCSwiftPackageProductDependency;
			package = 32F52A83268AD02E00BD9E2F /* XCRemoteSwiftPackageReference "Siren" */;
			productName = Siren;
		};
/* End XCSwiftPackageProductDependency section */

/* Begin XCVersionGroup section */
		325A41C926856ABF00B098C9 /* StoredHours.xcdatamodeld */ = {
			isa = XCVersionGroup;
			children = (
				324248B626DF204300C7BC62 /* StoredHours 2.xcdatamodel */,
				325A41CA26856ABF00B098C9 /* StoredHours.xcdatamodel */,
			);
			currentVersion = 324248B626DF204300C7BC62 /* StoredHours 2.xcdatamodel */;
			path = StoredHours.xcdatamodeld;
			sourceTree = "<group>";
			versionGroupType = wrapper.xcdatamodel;
		};
/* End XCVersionGroup section */
	};
	rootObject = 32629DEB26825FD7006632F2 /* Project object */;
}
